// !$*UTF8*$!
{
	archiveVersion = 1;
	classes = {
	};
	objectVersion = 77;
	objects = {

/* Begin PBXBuildFile section */
		791C96052F8726B0006AF674 /* Runestone in Frameworks */ = {isa = PBXBuildFile; productRef = 791C96042F8726B0006AF674 /* Runestone */; };
		793A4E3B2F84FE1D003B609A /* Runestone in Frameworks */ = {isa = PBXBuildFile; productRef = 793A4E3A2F84FE1D003B609A /* Runestone */; };
		793A7E502EB5996A0044418E /* SwiftTerm in Frameworks */ = {isa = PBXBuildFile; productRef = 793A7E4F2EB5996A0044418E /* SwiftTerm */; };
		793FCD242E6730740011B3F5 /* libarchive.tbd in Frameworks */ = {isa = PBXBuildFile; fileRef = 79BF9A8E2E62BA7D00C60D4C /* libarchive.tbd */; };
		79AA11C72F7FFF46002FEAF2 /* libarchive.tbd in Frameworks */ = {isa = PBXBuildFile; fileRef = 79AA11C32F7FFEE4002FEAF2 /* libarchive.tbd */; };
		79B708BC2F73157F000F38E7 /* TreeSitterCPP in Frameworks */ = {isa = PBXBuildFile; productRef = 79B708BB2F73157F000F38E7 /* TreeSitterCPP */; };
		79B70C1C2F73223A000F38E7 /* Runestone in Frameworks */ = {isa = PBXBuildFile; productRef = 79B70C1B2F73223A000F38E7 /* Runestone */; };
		79B70C1F2F732364000F38E7 /* Runestone in Frameworks */ = {isa = PBXBuildFile; productRef = 79B70C1E2F732364000F38E7 /* Runestone */; };
		79BF9A8F2E62BA8700C60D4C /* libarchive.tbd in Frameworks */ = {isa = PBXBuildFile; fileRef = 79BF9A8E2E62BA7D00C60D4C /* libarchive.tbd */; };
		79D1DA672F92A6CE0020518A /* TreeSitterSwift in Frameworks */ = {isa = PBXBuildFile; productRef = 79D1DA662F92A6CE0020518A /* TreeSitterSwift */; };
		860D917D2FAE1F95000D321B /* MobileDevelopmentKit.framework in Frameworks */ = {isa = PBXBuildFile; fileRef = 860D91752FAE1F95000D321B /* MobileDevelopmentKit.framework */; };
		860D917E2FAE1F95000D321B /* MobileDevelopmentKit.framework in Embed Libraries */ = {isa = PBXBuildFile; fileRef = 860D91752FAE1F95000D321B /* MobileDevelopmentKit.framework */; settings = {ATTRIBUTES = (CodeSignOnCopy, RemoveHeadersOnCopy, ); }; };
		860D91832FAE1F9C000D321B /* CoreCompiler.framework in Frameworks */ = {isa = PBXBuildFile; fileRef = 86DCC25A2FA5209600973169 /* CoreCompiler.framework */; platformFilter = ios; };
		860D91E02FAE2E4C000D321B /* CoreCompiler.framework in Frameworks */ = {isa = PBXBuildFile; fileRef = 86DCC25A2FA5209600973169 /* CoreCompiler.framework */; };
		860D91E12FAE2E4C000D321B /* CoreCompiler.framework in Embed Libraries */ = {isa = PBXBuildFile; fileRef = 86DCC25A2FA5209600973169 /* CoreCompiler.framework */; settings = {ATTRIBUTES = (CodeSignOnCopy, RemoveHeadersOnCopy, ); }; };
		86DCC30A2FA521A600973169 /* libz.tbd in Frameworks */ = {isa = PBXBuildFile; fileRef = 86DCC3082FA5219900973169 /* libz.tbd */; };
		86E4D4F72FB8CF63008BFE4D /* TreeSitterSwift in Frameworks */ = {isa = PBXBuildFile; productRef = 86E4D4F62FB8CF63008BFE4D /* TreeSitterSwift */; };
		8F4D96E62FFBF8FB006CAF3C /* Runestone in Frameworks */ = {isa = PBXBuildFile; productRef = 8F4D96E52FFBF8FB006CAF3C /* Runestone */; };
		8F60051D3033DD2F0028EDFD /* UIOnboarding in Frameworks */ = {isa = PBXBuildFile; productRef = 8F60051C3033DD2F0028EDFD /* UIOnboarding */; };
		8F6005203033EB920028EDFD /* UIOnboarding in Frameworks */ = {isa = PBXBuildFile; productRef = 8F60051F3033EB920028EDFD /* UIOnboarding */; };
		8F6008783033F9200028EDFD /* LiveProcess.appex in Embed Foundation Extensions */ = {isa = PBXBuildFile; fileRef = 79BF97F72E6291EE00C60D4C /* LiveProcess.appex */; settings = {ATTRIBUTES = (RemoveHeadersOnCopy, ); }; };
		8F60FE5A3032DB610028EDFD /* UIOnboarding in Frameworks */ = {isa = PBXBuildFile; productRef = 8F60FE593032DB610028EDFD /* UIOnboarding */; };
		8F60FE5D3032DC260028EDFD /* UIOnboarding in Frameworks */ = {isa = PBXBuildFile; productRef = 8F60FE5C3032DC260028EDFD /* UIOnboarding */; };
		8FB3BB043030089000DB3ABC /* LiveShim.framework in Frameworks */ = {isa = PBXBuildFile; fileRef = 8FB3BADB302FFBAA00DB3ABC /* LiveShim.framework */; };
		8FB3BB053030089000DB3ABC /* LiveShim.framework in Embed Frameworks */ = {isa = PBXBuildFile; fileRef = 8FB3BADB302FFBAA00DB3ABC /* LiveShim.framework */; settings = {ATTRIBUTES = (CodeSignOnCopy, RemoveHeadersOnCopy, ); }; };
		8FD30F253044E7390059AE9A /* libHWHook.a in Frameworks */ = {isa = PBXBuildFile; fileRef = 8FF32DED3036F59E00C46FE4 /* libHWHook.a */; };
		8FECB2472FFD34D500049BB0 /* Runestone in Frameworks */ = {isa = PBXBuildFile; productRef = 8FECB2462FFD34D500049BB0 /* Runestone */; };
		8FECB24D2FFD367A00049BB0 /* Runestone in Frameworks */ = {isa = PBXBuildFile; productRef = 8FECB24C2FFD367A00049BB0 /* Runestone */; };
		8FF32E2D3036F8DC00C46FE4 /* libHWHook.a in Frameworks */ = {isa = PBXBuildFile; fileRef = 8FF32DED3036F59E00C46FE4 /* libHWHook.a */; };
		AF9919582DC9175A00DDF895 /* TreeSitterObjc in Frameworks */ = {isa = PBXBuildFile; productRef = AF9919572DC9175A00DDF895 /* TreeSitterObjc */; };
		AF99195B2DC9176900DDF895 /* TreeSitterC in Frameworks */ = {isa = PBXBuildFile; productRef = AF99195A2DC9176900DDF895 /* TreeSitterC */; };
		AFF4D5D92DC9390B00B1B5F9 /* Shared in Resources */ = {isa = PBXBuildFile; fileRef = AF99171F2DC8EA3C00DDF895 /* Shared */; };
		AFF4E3492DCCCE0F00B1B5F9 /* TreeSitterXML in Frameworks */ = {isa = PBXBuildFile; productRef = AFF4E3482DCCCE0F00B1B5F9 /* TreeSitterXML */; };
/* End PBXBuildFile section */

/* Begin PBXContainerItemProxy section */
		860D917B2FAE1F95000D321B /* PBXContainerItemProxy */ = {
			isa = PBXContainerItemProxy;
			containerPortal = AF9916D12DC8C42200DDF895 /* Project object */;
			proxyType = 1;
			remoteGlobalIDString = 860D91742FAE1F95000D321B;
			remoteInfo = MobileDevelopmentKit;
		};
		860D91852FAE1F9C000D321B /* PBXContainerItemProxy */ = {
			isa = PBXContainerItemProxy;
			containerPortal = AF9916D12DC8C42200DDF895 /* Project object */;
			proxyType = 1;
			remoteGlobalIDString = 86DCC2592FA5209600973169;
			remoteInfo = CoreCompiler;
		};
		860D91E22FAE2E4C000D321B /* PBXContainerItemProxy */ = {
			isa = PBXContainerItemProxy;
			containerPortal = AF9916D12DC8C42200DDF895 /* Project object */;
			proxyType = 1;
			remoteGlobalIDString = 86DCC2592FA5209600973169;
			remoteInfo = CoreCompiler;
		};
		8F6008793033F9200028EDFD /* PBXContainerItemProxy */ = {
			isa = PBXContainerItemProxy;
			containerPortal = AF9916D12DC8C42200DDF895 /* Project object */;
			proxyType = 1;
			remoteGlobalIDString = 79BF97F62E6291EE00C60D4C;
			remoteInfo = LiveProcess;
		};
		8FB3BB063030089000DB3ABC /* PBXContainerItemProxy */ = {
			isa = PBXContainerItemProxy;
			containerPortal = AF9916D12DC8C42200DDF895 /* Project object */;
			proxyType = 1;
			remoteGlobalIDString = 8FB3BADA302FFBAA00DB3ABC;
			remoteInfo = LiveShim;
		};
		8FB3BE8B303131D800DB3ABC /* PBXContainerItemProxy */ = {
			isa = PBXContainerItemProxy;
			containerPortal = AF9916D12DC8C42200DDF895 /* Project object */;
			proxyType = 1;
			remoteGlobalIDString = 79BF97F62E6291EE00C60D4C;
			remoteInfo = LiveProcess;
		};
		8FD30F263044E7390059AE9A /* PBXContainerItemProxy */ = {
			isa = PBXContainerItemProxy;
			containerPortal = AF9916D12DC8C42200DDF895 /* Project object */;
			proxyType = 1;
			remoteGlobalIDString = 8FF32DEC3036F59E00C46FE4;
			remoteInfo = HWHook;
		};
		8FF32E2E3036F8DC00C46FE4 /* PBXContainerItemProxy */ = {
			isa = PBXContainerItemProxy;
			containerPortal = AF9916D12DC8C42200DDF895 /* Project object */;
			proxyType = 1;
			remoteGlobalIDString = 8FF32DEC3036F59E00C46FE4;
			remoteInfo = HWHook;
		};
/* End PBXContainerItemProxy section */

/* Begin PBXCopyFilesBuildPhase section */
		79AA11BA2F7FFE24002FEAF2 /* CopyFiles */ = {
			isa = PBXCopyFilesBuildPhase;
			buildActionMask = 2147483647;
			dstPath = /usr/share/man/man1/;
			dstSubfolderSpec = 0;
			files = (
			);
			runOnlyForDeploymentPostprocessing = 1;
		};
		86DCC2922FA520EE00973169 /* Embed Libraries */ = {
			isa = PBXCopyFilesBuildPhase;
			buildActionMask = 2147483647;
			dstPath = "";
			dstSubfolderSpec = 10;
			files = (
			);
			name = "Embed Libraries";
			runOnlyForDeploymentPostprocessing = 0;
		};
		8F60087B3033F9200028EDFD /* Embed Foundation Extensions */ = {
			isa = PBXCopyFilesBuildPhase;
			buildActionMask = 2147483647;
			dstPath = "";
			dstSubfolderSpec = 13;
			files = (
				8F6008783033F9200028EDFD /* LiveProcess.appex in Embed Foundation Extensions */,
			);
			name = "Embed Foundation Extensions";
			runOnlyForDeploymentPostprocessing = 0;
		};
		8FB3BB083030089000DB3ABC /* Embed Frameworks */ = {
			isa = PBXCopyFilesBuildPhase;
			buildActionMask = 2147483647;
			dstPath = "";
			dstSubfolderSpec = 10;
			files = (
				8FB3BB053030089000DB3ABC /* LiveShim.framework in Embed Frameworks */,
			);
			name = "Embed Frameworks";
			runOnlyForDeploymentPostprocessing = 0;
		};
		8FF32DEB3036F59E00C46FE4 /* CopyFiles */ = {
			isa = PBXCopyFilesBuildPhase;
			buildActionMask = 2147483647;
			dstPath = "include/$(PRODUCT_NAME)";
			dstSubfolderSpec = 16;
			files = (
			);
			runOnlyForDeploymentPostprocessing = 0;
		};
		AFF4DB332DCA57EC00B1B5F9 /* Embed Libraries */ = {
			isa = PBXCopyFilesBuildPhase;
			buildActionMask = 2147483647;
			dstPath = "";
			dstSubfolderSpec = 10;
			files = (
				860D917E2FAE1F95000D321B /* MobileDevelopmentKit.framework in Embed Libraries */,
				860D91E12FAE2E4C000D321B /* CoreCompiler.framework in Embed Libraries */,
			);
			name = "Embed Libraries";
			runOnlyForDeploymentPostprocessing = 0;
		};
/* End PBXCopyFilesBuildPhase section */

/* Begin PBXFileReference section */
		79277DC02EE8752800F18B30 /* Config.xcconfig */ = {isa = PBXFileReference; lastKnownFileType = text.xcconfig; path = Config.xcconfig; sourceTree = "<group>"; };
		79277DC62EE8761000F18B30 /* version.sh */ = {isa = PBXFileReference; lastKnownFileType = text.script.sh; path = version.sh; sourceTree = "<group>"; };
		79281CBF2E3A44CA00E983C9 /* UniformTypeIdentifiers.framework */ = {isa = PBXFileReference; lastKnownFileType = wrapper.framework; name = UniformTypeIdentifiers.framework; path = System/Library/Frameworks/UniformTypeIdentifiers.framework; sourceTree = SDKROOT; };
		7944B5652DEC74EA00834134 /* Nyxian.app */ = {isa = PBXFileReference; explicitFileType = wrapper.application; includeInIndex = 0; path = Nyxian.app; sourceTree = BUILT_PRODUCTS_DIR; };
		7944B5672DEC74FC00834134 /* MobileCoreServices.framework */ = {isa = PBXFileReference; lastKnownFileType = wrapper.framework; name = MobileCoreServices.framework; path = System/Library/Frameworks/MobileCoreServices.framework; sourceTree = SDKROOT; };
		79AA11BC2F7FFE24002FEAF2 /* nxtool */ = {isa = PBXFileReference; explicitFileType = "compiled.mach-o.executable"; includeInIndex = 0; path = nxtool; sourceTree = BUILT_PRODUCTS_DIR; };
		79AA11C32F7FFEE4002FEAF2 /* libarchive.tbd */ = {isa = PBXFileReference; lastKnownFileType = "sourcecode.text-based-dylib-definition"; name = libarchive.tbd; path = Platforms/MacOSX.platform/Developer/SDKs/MacOSX26.0.sdk/usr/lib/libarchive.tbd; sourceTree = DEVELOPER_DIR; };
		79AA11C42F7FFEFF002FEAF2 /* libarchive.tbd */ = {isa = PBXFileReference; lastKnownFileType = "sourcecode.text-based-dylib-definition"; name = libarchive.tbd; path = Platforms/iPhoneOS.platform/Developer/SDKs/iPhoneOS.sdk/usr/lib/libarchive.tbd; sourceTree = DEVELOPER_DIR; };
		79BF97F72E6291EE00C60D4C /* LiveProcess.appex */ = {isa = PBXFileReference; explicitFileType = "wrapper.app-extension"; includeInIndex = 0; path = LiveProcess.appex; sourceTree = BUILT_PRODUCTS_DIR; };
		79BF9A8E2E62BA7D00C60D4C /* libarchive.tbd */ = {isa = PBXFileReference; lastKnownFileType = "sourcecode.text-based-dylib-definition"; name = libarchive.tbd; path = usr/lib/libarchive.tbd; sourceTree = SDKROOT; };
		860D91752FAE1F95000D321B /* MobileDevelopmentKit.framework */ = {isa = PBXFileReference; explicitFileType = wrapper.framework; includeInIndex = 0; path = MobileDevelopmentKit.framework; sourceTree = BUILT_PRODUCTS_DIR; };
		86DCC25A2FA5209600973169 /* CoreCompiler.framework */ = {isa = PBXFileReference; explicitFileType = wrapper.framework; includeInIndex = 0; path = CoreCompiler.framework; sourceTree = BUILT_PRODUCTS_DIR; };
		86DCC3082FA5219900973169 /* libz.tbd */ = {isa = PBXFileReference; lastKnownFileType = "sourcecode.text-based-dylib-definition"; name = libz.tbd; path = usr/lib/libz.tbd; sourceTree = SDKROOT; };
		86DCC3092FA521A100973169 /* libz.1.tbd */ = {isa = PBXFileReference; lastKnownFileType = "sourcecode.text-based-dylib-definition"; name = libz.1.tbd; path = usr/lib/libz.1.tbd; sourceTree = SDKROOT; };
		8FB3BADB302FFBAA00DB3ABC /* LiveShim.framework */ = {isa = PBXFileReference; explicitFileType = wrapper.framework; includeInIndex = 0; path = LiveShim.framework; sourceTree = BUILT_PRODUCTS_DIR; };
		8FB3C1EA3031450500DB3ABC /* ksurface_config.h */ = {isa = PBXFileReference; lastKnownFileType = sourcecode.c.h; path = ksurface_config.h; sourceTree = "<group>"; };
		8FF32DED3036F59E00C46FE4 /* libHWHook.a */ = {isa = PBXFileReference; explicitFileType = archive.ar; includeInIndex = 0; path = libHWHook.a; sourceTree = BUILT_PRODUCTS_DIR; };
		8FF346DD3039AA7000C46FE4 /* ksurface_abi.h */ = {isa = PBXFileReference; lastKnownFileType = sourcecode.c.h; path = ksurface_abi.h; sourceTree = "<group>"; };
		AF99171F2DC8EA3C00DDF895 /* Shared */ = {isa = PBXFileReference; lastKnownFileType = folder; path = Shared; sourceTree = "<group>"; };
/* End PBXFileReference section */

/* Begin PBXFileSystemSynchronizedBuildFileExceptionSet section */
		798BBD332F1D265200CBB23F /* Exceptions for "Nyxian" folder in "Nyxian" target */ = {
			isa = PBXFileSystemSynchronizedBuildFileExceptionSet;
			membershipExceptions = (
				LindChain/ProcEnvironment/LiveContainer/LCBootstrap.m,
				LindChain/ProcEnvironment/LiveContainer/Tweaks/Dead10ccFix.m,
				LindChain/ProcEnvironment/LiveContainer/Tweaks/Dyld.m,
				"LindChain/ProcEnvironment/LiveContainer/Tweaks/NSFileManager+GuestHooks.m",
				LindChain/ProcEnvironment/LiveContainer/Tweaks/NSUserDefaults.m,
				"LindChain/ProcEnvironment/LiveContainer/Tweaks/UIKit+GuestHooksInit.m",
				LindChain/ProcEnvironment/Shims/application.m,
				LindChain/ProcEnvironment/Shims/libproc.m,
				LindChain/ProcEnvironment/Shims/LSApplicationWorkspace.m,
				LindChain/ProcEnvironment/Shims/posix_spawn.m,
				LindChain/ProcEnvironment/Shims/proxy.m,
				LindChain/ProcEnvironment/Shims/README.txt,
				LindChain/ProcEnvironment/Shims/vfork.c,
			);
			target = AF9916D82DC8C42200DDF895 /* Nyxian */;
		};
		79AA11C62F7FFF12002FEAF2 /* Exceptions for "Nyxian" folder in "nxtool" target */ = {
			isa = PBXFileSystemSynchronizedBuildFileExceptionSet;
			membershipExceptions = (
				LindChain/OpenSSL.xcframework,
				LindChain/ProcEnvironment/LiveContainer/LCMachOUtils.m,
				LindChain/ProcEnvironment/Surface/trust/apple.c,
				LindChain/ProcEnvironment/Surface/trust/cdhash.c,
				LindChain/ProcEnvironment/Surface/trust/signing.c,
				LindChain/Utils/Zip.m,
			);
			target = 79AA11BB2F7FFE24002FEAF2 /* nxtool */;
		};
		79BF983D2E62930600C60D4C /* Exceptions for "LiveProcess" folder in "LiveProcess" target */ = {
			isa = PBXFileSystemSynchronizedBuildFileExceptionSet;
			membershipExceptions = (
				LindChain/ServiceKit/Service.m,
				LindChain/Services/applicationmgmtd/LDEApplicationObject.m,
				LindChain/Services/applicationmgmtd/LDEApplicationWorkspace.m,
				LindChain/Services/applicationmgmtd/LDEApplicationWorkspaceInternal.m,
				LindChain/Services/applicationmgmtd/LDEApplicationWorkspaceService.m,
				main.m,
				ResecureDecoder.m,
			);
			target = 79BF97F62E6291EE00C60D4C /* LiveProcess */;
		};
		79BF98402E62931E00C60D4C /* Exceptions for "LiveProcess" folder in "Nyxian" target */ = {
			isa = PBXFileSystemSynchronizedBuildFileExceptionSet;
			membershipExceptions = (
				LindChain/Services/applicationmgmtd/LDEApplicationObject.m,
				LindChain/Services/applicationmgmtd/LDEApplicationWorkspace.m,
			);
			target = AF9916D82DC8C42200DDF895 /* Nyxian */;
		};
		79BF9A972E62BB6900C60D4C /* Exceptions for "Nyxian" folder in "LiveProcess" target */ = {
			isa = PBXFileSystemSynchronizedBuildFileExceptionSet;
			membershipExceptions = (
				LindChain/IDEConsole/Utils.c,
				LindChain/Private/mach/fileport.m,
				LindChain/ProcEnvironment/litehook/litehook.c,
				LindChain/ProcEnvironment/LiveContainer/LCBootstrap.m,
				LindChain/ProcEnvironment/LiveContainer/LCMachOUtils.m,
				LindChain/ProcEnvironment/LiveContainer/Tweaks/Dead10ccFix.m,
				LindChain/ProcEnvironment/LiveContainer/Tweaks/Dyld.m,
				"LindChain/ProcEnvironment/LiveContainer/Tweaks/NSFileManager+GuestHooks.m",
				LindChain/ProcEnvironment/LiveContainer/Tweaks/NSUserDefaults.m,
				"LindChain/ProcEnvironment/LiveContainer/Tweaks/UIKit+GuestHooksInit.m",
				LindChain/ProcEnvironment/LiveContainer/utils.m,
				LindChain/ProcEnvironment/LiveContainer/ZSign/Utils.mm,
				LindChain/ProcEnvironment/PEArchiveHandle.m,
				LindChain/ProcEnvironment/PEFileHandle.m,
				LindChain/ProcEnvironment/PEFileTable.m,
				LindChain/ProcEnvironment/PEMachPort.m,
				LindChain/ProcEnvironment/Shims/application.m,
				LindChain/ProcEnvironment/Shims/attrstrnilfix.m,
				LindChain/ProcEnvironment/Shims/environment.m,
				LindChain/ProcEnvironment/Shims/libproc.m,
				LindChain/ProcEnvironment/Shims/LSApplicationWorkspace.m,
				LindChain/ProcEnvironment/Shims/posix_spawn.m,
				LindChain/ProcEnvironment/Shims/proxy.m,
				LindChain/ProcEnvironment/Shims/vfork.c,
				LindChain/ProcEnvironment/Surface/extra/relax.c,
				LindChain/ProcEnvironment/Surface/trust/signing.c,
				LindChain/ProcEnvironment/Utils/fd.c,
				LindChain/ProcEnvironment/Utils/ktfp.c,
				LindChain/ProcEnvironment/Utils/vnode.c,
				LindChain/Utils/CFTools.c,
				LindChain/Utils/Swizzle.c,
				LindChain/Utils/Zip.m,
			);
			target = 79BF97F62E6291EE00C60D4C /* LiveProcess */;
		};
		8F412B0330488853004E63DF /* Exceptions for "Nyxian" folder in "LiveShim" target */ = {
			isa = PBXFileSystemSynchronizedBuildFileExceptionSet;
			membershipExceptions = (
				LindChain/ProcEnvironment/Surface/trust/apple.c,
				LindChain/ProcEnvironment/Surface/trust/cdhash.c,
			);
			target = 8FB3BADA302FFBAA00DB3ABC /* LiveShim */;
		};
		8FB3C25E303145F100DB3ABC /* Exceptions for "Frameworks" folder in "CoreCompiler" target */ = {
			isa = PBXFileSystemSynchronizedBuildFileExceptionSet;
			membershipExceptions = (
				CoreCompiler/CCBase.h,
				CoreCompiler/CCBaseSwift.swift,
				CoreCompiler/CCUtils.cpp,
				CoreCompiler/CCUtils.h,
				CoreCompiler/CCUtilsPrivate.h,
				CoreCompiler/CFRuntime.h,
				CoreCompiler/CoreCompiler.docc,
				CoreCompiler/CoreCompiler.h,
				CoreCompiler/CoreCompilerSupportLibs/lib_CompilerSwiftBasicFormat.dylib,
				CoreCompiler/CoreCompilerSupportLibs/lib_CompilerSwiftCompilerPluginMessageHandling.dylib,
				CoreCompiler/CoreCompilerSupportLibs/lib_CompilerSwiftDiagnostics.dylib,
				CoreCompiler/CoreCompilerSupportLibs/lib_CompilerSwiftIDEUtils.dylib,
				CoreCompiler/CoreCompilerSupportLibs/lib_CompilerSwiftIfConfig.dylib,
				CoreCompiler/CoreCompilerSupportLibs/lib_CompilerSwiftLexicalLookup.dylib,
				CoreCompiler/CoreCompilerSupportLibs/lib_CompilerSwiftOperators.dylib,
				CoreCompiler/CoreCompilerSupportLibs/lib_CompilerSwiftParser.dylib,
				CoreCompiler/CoreCompilerSupportLibs/lib_CompilerSwiftParserDiagnostics.dylib,
				CoreCompiler/CoreCompilerSupportLibs/lib_CompilerSwiftSyntax.dylib,
				CoreCompiler/CoreCompilerSupportLibs/lib_CompilerSwiftSyntaxBuilder.dylib,
				CoreCompiler/CoreCompilerSupportLibs/lib_CompilerSwiftSyntaxMacroExpansion.dylib,
				CoreCompiler/CoreCompilerSupportLibs/lib_CompilerSwiftSyntaxMacros.dylib,
				CoreCompiler/CoreCompilerSupportLibs/LLVM.xcframework,
				CoreCompiler/Support/CCDiagnostic.c,
				CoreCompiler/Support/CCDiagnostic.h,
				CoreCompiler/Support/CCFile.c,
				CoreCompiler/Support/CCFile.h,
				CoreCompiler/Support/CCFileSourceLocation.c,
				CoreCompiler/Support/CCFileSourceLocation.h,
				CoreCompiler/Support/CCJob.c,
				CoreCompiler/Support/CCJob.h,
				CoreCompiler/Support/CCSourceLocation.c,
				CoreCompiler/Support/CCSourceLocation.h,
				CoreCompiler/Tools/CCASTUnit.cpp,
				CoreCompiler/Tools/CCASTUnit.h,
				CoreCompiler/Tools/CCDependencyScanner.cpp,
				CoreCompiler/Tools/CCDependencyScanner.h,
				CoreCompiler/Tools/CCDriver.cpp,
				CoreCompiler/Tools/CCDriver.h,
				CoreCompiler/Tools/CCSDK.cpp,
				CoreCompiler/Tools/CCSDK.h,
				CoreCompiler/Tools/Compiler/CCCompiler.cpp,
				CoreCompiler/Tools/Compiler/CCCompiler.h,
				CoreCompiler/Tools/Compiler/CCSwiftCompiler.cpp,
				CoreCompiler/Tools/Compiler/CCSwiftCompiler.h,
				CoreCompiler/Tools/Linker/CCLinker.cpp,
				CoreCompiler/Tools/Linker/CCLinker.h,
			);
			privateHeaders = (
				CoreCompiler/CCUtilsPrivate.h,
			);
			publicHeaders = (
				CoreCompiler/CCBase.h,
				CoreCompiler/CCUtils.h,
				CoreCompiler/CFRuntime.h,
				CoreCompiler/CoreCompiler.h,
				CoreCompiler/Support/CCDiagnostic.h,
				CoreCompiler/Support/CCFile.h,
				CoreCompiler/Support/CCFileSourceLocation.h,
				CoreCompiler/Support/CCJob.h,
				CoreCompiler/Support/CCSourceLocation.h,
				CoreCompiler/Tools/CCASTUnit.h,
				CoreCompiler/Tools/CCDependencyScanner.h,
				CoreCompiler/Tools/CCDriver.h,
				CoreCompiler/Tools/CCSDK.h,
				CoreCompiler/Tools/Compiler/CCCompiler.h,
				CoreCompiler/Tools/Compiler/CCSwiftCompiler.h,
				CoreCompiler/Tools/Linker/CCLinker.h,
			);
			target = 86DCC2592FA5209600973169 /* CoreCompiler */;
		};
		8FB3C27B3031460B00DB3ABC /* Exceptions for "Frameworks" folder in "LiveShim" target */ = {
			isa = PBXFileSystemSynchronizedBuildFileExceptionSet;
			membershipExceptions = (
				LiveShim/LiveShim.docc,
				LiveShim/LiveShim.h,
				LiveShim/LiveShimSyscall.c,
				LiveShim/LiveShimSyscall.h,
				LiveShim/mach/fileport.h,
				LiveShim/mach/fileport.m,
				LiveShim/private/cdhash.h,
				LiveShim/private/dyld_node_remap.c,
				LiveShim/private/dyld_node_remap.h,
				LiveShim/shims/dyld.c,
				LiveShim/shims/dyld.h,
				LiveShim/shims/ioctl.c,
				LiveShim/shims/mount.c,
				LiveShim/shims/SecItem.m,
				LiveShim/shims/shim.h,
				LiveShim/shims/sysctl.c,
				LiveShim/shims/task.c,
				LiveShim/shims/ucred.c,
			);
			privateHeaders = (
				LiveShim/mach/fileport.h,
				LiveShim/private/cdhash.h,
				LiveShim/private/dyld_node_remap.h,
				LiveShim/shims/shim.h,
			);
			publicHeaders = (
				LiveShim/LiveShim.h,
				LiveShim/LiveShimSyscall.h,
				LiveShim/shims/dyld.h,
			);
			target = 8FB3BADA302FFBAA00DB3ABC /* LiveShim */;
		};
		8FB3C2D23031460C00DB3ABC /* Exceptions for "Frameworks" folder in "MobileDevelopmentKit" target */ = {
			isa = PBXFileSystemSynchronizedBuildFileExceptionSet;
			membershipExceptions = (
				MobileDevelopmentKit/MobileDevelopmentKit.docc,
				MobileDevelopmentKit/MobileDevelopmentKit.h,
				MobileDevelopmentKit/PhaseEngine/MDKPhase.h,
				MobileDevelopmentKit/PhaseEngine/MDKPhase.m,
				MobileDevelopmentKit/PhaseEngine/MDKPhaseEngine.h,
				MobileDevelopmentKit/PhaseEngine/MDKPhaseEngine.m,
				MobileDevelopmentKit/PhaseEngine/MDKPhaseRunner.h,
				MobileDevelopmentKit/PhaseEngine/MDKPhaseRunner.m,
				MobileDevelopmentKit/Support/MDKCFType.h,
				MobileDevelopmentKit/Support/MDKCFType.m,
				MobileDevelopmentKit/Support/MDKDiagnostic.h,
				MobileDevelopmentKit/Support/MDKDiagnostic.m,
				MobileDevelopmentKit/Support/MDKFile.h,
				MobileDevelopmentKit/Support/MDKFile.m,
				MobileDevelopmentKit/Support/MDKFileSourceLocation.h,
				MobileDevelopmentKit/Support/MDKFileSourceLocation.m,
				MobileDevelopmentKit/Support/MDKJob.h,
				MobileDevelopmentKit/Support/MDKJob.m,
				MobileDevelopmentKit/Support/MDKOSVersion.h,
				MobileDevelopmentKit/Support/MDKOSVersion.m,
				MobileDevelopmentKit/Support/MDKOSVersion.swift,
				MobileDevelopmentKit/Support/MDKThreadPool.h,
				MobileDevelopmentKit/Support/MDKThreadPool.m,
				MobileDevelopmentKit/Support/MDKThreadPoolGroup.h,
				MobileDevelopmentKit/Support/MDKThreadPoolGroup.m,
				MobileDevelopmentKit/Support/MDKThreadPoolPrivate.h,
				MobileDevelopmentKit/Tools/Compiler/MDKCompiler.h,
				MobileDevelopmentKit/Tools/Compiler/MDKCompiler.m,
				MobileDevelopmentKit/Tools/Compiler/MDKSwiftCompiler.h,
				MobileDevelopmentKit/Tools/Compiler/MDKSwiftCompiler.m,
				MobileDevelopmentKit/Tools/Linker/MDKLinker.h,
				MobileDevelopmentKit/Tools/Linker/MDKLinker.m,
				MobileDevelopmentKit/Tools/MDKASTUnit.h,
				MobileDevelopmentKit/Tools/MDKASTUnit.m,
				MobileDevelopmentKit/Tools/MDKDependencyScanner.h,
				MobileDevelopmentKit/Tools/MDKDependencyScanner.m,
				MobileDevelopmentKit/Tools/MDKDriver.h,
				MobileDevelopmentKit/Tools/MDKDriver.m,
				MobileDevelopmentKit/Tools/MDKSDK.h,
				MobileDevelopmentKit/Tools/MDKSDK.m,
			);
			privateHeaders = (
				MobileDevelopmentKit/Support/MDKThreadPoolPrivate.h,
			);
			publicHeaders = (
				MobileDevelopmentKit/MobileDevelopmentKit.h,
				MobileDevelopmentKit/PhaseEngine/MDKPhase.h,
				MobileDevelopmentKit/PhaseEngine/MDKPhaseEngine.h,
				MobileDevelopmentKit/PhaseEngine/MDKPhaseRunner.h,
				MobileDevelopmentKit/Support/MDKCFType.h,
				MobileDevelopmentKit/Support/MDKDiagnostic.h,
				MobileDevelopmentKit/Support/MDKFile.h,
				MobileDevelopmentKit/Support/MDKFileSourceLocation.h,
				MobileDevelopmentKit/Support/MDKJob.h,
				MobileDevelopmentKit/Support/MDKOSVersion.h,
				MobileDevelopmentKit/Support/MDKThreadPool.h,
				MobileDevelopmentKit/Support/MDKThreadPoolGroup.h,
				MobileDevelopmentKit/Tools/Compiler/MDKCompiler.h,
				MobileDevelopmentKit/Tools/Compiler/MDKSwiftCompiler.h,
				MobileDevelopmentKit/Tools/Linker/MDKLinker.h,
				MobileDevelopmentKit/Tools/MDKASTUnit.h,
				MobileDevelopmentKit/Tools/MDKDependencyScanner.h,
				MobileDevelopmentKit/Tools/MDKDriver.h,
				MobileDevelopmentKit/Tools/MDKSDK.h,
			);
			target = 860D91742FAE1F95000D321B /* MobileDevelopmentKit */;
		};
		8FF32E1A3036F5F500C46FE4 /* Exceptions for "Frameworks" folder in "HWHook" target */ = {
			isa = PBXFileSystemSynchronizedBuildFileExceptionSet;
			membershipExceptions = (
				HWHook/HWHook.c,
				HWHook/HWHookThreadContext.c,
			);
			target = 8FF32DEC3036F59E00C46FE4 /* HWHook */;
		};
/* End PBXFileSystemSynchronizedBuildFileExceptionSet section */

/* Begin PBXFileSystemSynchronizedGroupBuildPhaseMembershipExceptionSet section */
		8FB3C25F303145F100DB3ABC /* Exceptions for "Frameworks" folder in "Embed Libraries" phase from "CoreCompiler" target */ = {
			isa = PBXFileSystemSynchronizedGroupBuildPhaseMembershipExceptionSet;
			attributesByRelativePath = {
				CoreCompiler/CoreCompilerSupportLibs/lib_CompilerSwiftBasicFormat.dylib = (CodeSignOnCopy, );
				CoreCompiler/CoreCompilerSupportLibs/lib_CompilerSwiftCompilerPluginMessageHandling.dylib = (CodeSignOnCopy, );
				CoreCompiler/CoreCompilerSupportLibs/lib_CompilerSwiftDiagnostics.dylib = (CodeSignOnCopy, );
				CoreCompiler/CoreCompilerSupportLibs/lib_CompilerSwiftIDEUtils.dylib = (CodeSignOnCopy, );
				CoreCompiler/CoreCompilerSupportLibs/lib_CompilerSwiftIfConfig.dylib = (CodeSignOnCopy, );
				CoreCompiler/CoreCompilerSupportLibs/lib_CompilerSwiftLexicalLookup.dylib = (CodeSignOnCopy, );
				CoreCompiler/CoreCompilerSupportLibs/lib_CompilerSwiftOperators.dylib = (CodeSignOnCopy, );
				CoreCompiler/CoreCompilerSupportLibs/lib_CompilerSwiftParser.dylib = (CodeSignOnCopy, );
				CoreCompiler/CoreCompilerSupportLibs/lib_CompilerSwiftParserDiagnostics.dylib = (CodeSignOnCopy, );
				CoreCompiler/CoreCompilerSupportLibs/lib_CompilerSwiftSyntax.dylib = (CodeSignOnCopy, );
				CoreCompiler/CoreCompilerSupportLibs/lib_CompilerSwiftSyntaxBuilder.dylib = (CodeSignOnCopy, );
				CoreCompiler/CoreCompilerSupportLibs/lib_CompilerSwiftSyntaxMacroExpansion.dylib = (CodeSignOnCopy, );
				CoreCompiler/CoreCompilerSupportLibs/lib_CompilerSwiftSyntaxMacros.dylib = (CodeSignOnCopy, );
			};
			buildPhase = 86DCC2922FA520EE00973169 /* Embed Libraries */;
			membershipExceptions = (
				CoreCompiler/CoreCompilerSupportLibs/lib_CompilerSwiftBasicFormat.dylib,
				CoreCompiler/CoreCompilerSupportLibs/lib_CompilerSwiftCompilerPluginMessageHandling.dylib,
				CoreCompiler/CoreCompilerSupportLibs/lib_CompilerSwiftDiagnostics.dylib,
				CoreCompiler/CoreCompilerSupportLibs/lib_CompilerSwiftIDEUtils.dylib,
				CoreCompiler/CoreCompilerSupportLibs/lib_CompilerSwiftIfConfig.dylib,
				CoreCompiler/CoreCompilerSupportLibs/lib_CompilerSwiftLexicalLookup.dylib,
				CoreCompiler/CoreCompilerSupportLibs/lib_CompilerSwiftOperators.dylib,
				CoreCompiler/CoreCompilerSupportLibs/lib_CompilerSwiftParser.dylib,
				CoreCompiler/CoreCompilerSupportLibs/lib_CompilerSwiftParserDiagnostics.dylib,
				CoreCompiler/CoreCompilerSupportLibs/lib_CompilerSwiftSyntax.dylib,
				CoreCompiler/CoreCompilerSupportLibs/lib_CompilerSwiftSyntaxBuilder.dylib,
				CoreCompiler/CoreCompilerSupportLibs/lib_CompilerSwiftSyntaxMacroExpansion.dylib,
				CoreCompiler/CoreCompilerSupportLibs/lib_CompilerSwiftSyntaxMacros.dylib,
			);
		};
		AFF4DBDB2DCA5DEA00B1B5F9 /* Exceptions for "Nyxian" folder in "Embed Libraries" phase from "Nyxian" target */ = {
			isa = PBXFileSystemSynchronizedGroupBuildPhaseMembershipExceptionSet;
			attributesByRelativePath = {
				LindChain/OpenSSL.xcframework = (CodeSignOnCopy, RemoveHeadersOnCopy, );
			};
			buildPhase = AFF4DB332DCA57EC00B1B5F9 /* Embed Libraries */;
			membershipExceptions = (
				LindChain/OpenSSL.xcframework,
			);
		};
/* End PBXFileSystemSynchronizedGroupBuildPhaseMembershipExceptionSet section */

/* Begin PBXFileSystemSynchronizedRootGroup section */
		798692F02E627A3B00390D7E /* LiveProcess */ = {
			isa = PBXFileSystemSynchronizedRootGroup;
			exceptions = (
				79BF98402E62931E00C60D4C /* Exceptions for "LiveProcess" folder in "Nyxian" target */,
				79BF983D2E62930600C60D4C /* Exceptions for "LiveProcess" folder in "LiveProcess" target */,
			);
			path = LiveProcess;
			sourceTree = "<group>";
		};
		79AA11BD2F7FFE24002FEAF2 /* nxtool */ = {
			isa = PBXFileSystemSynchronizedRootGroup;
			path = nxtool;
			sourceTree = "<group>";
		};
		8FB3C1EC303145D600DB3ABC /* Frameworks */ = {
			isa = PBXFileSystemSynchronizedRootGroup;
			exceptions = (
				8FB3C2D23031460C00DB3ABC /* Exceptions for "Frameworks" folder in "MobileDevelopmentKit" target */,
				8FB3C25E303145F100DB3ABC /* Exceptions for "Frameworks" folder in "CoreCompiler" target */,
				8FB3C25F303145F100DB3ABC /* Exceptions for "Frameworks" folder in "Embed Libraries" phase from "CoreCompiler" target */,
				8FB3C27B3031460B00DB3ABC /* Exceptions for "Frameworks" folder in "LiveShim" target */,
				8FF32E1A3036F5F500C46FE4 /* Exceptions for "Frameworks" folder in "HWHook" target */,
			);
			path = Frameworks;
			sourceTree = "<group>";
		};
		AF9916DB2DC8C42200DDF895 /* Nyxian */ = {
			isa = PBXFileSystemSynchronizedRootGroup;
			exceptions = (
				798BBD332F1D265200CBB23F /* Exceptions for "Nyxian" folder in "Nyxian" target */,
				AFF4DBDB2DCA5DEA00B1B5F9 /* Exceptions for "Nyxian" folder in "Embed Libraries" phase from "Nyxian" target */,
				79BF9A972E62BB6900C60D4C /* Exceptions for "Nyxian" folder in "LiveProcess" target */,
				8F412B0330488853004E63DF /* Exceptions for "Nyxian" folder in "LiveShim" target */,
				79AA11C62F7FFF12002FEAF2 /* Exceptions for "Nyxian" folder in "nxtool" target */,
			);
			path = Nyxian;
			sourceTree = "<group>";
		};
/* End PBXFileSystemSynchronizedRootGroup section */

/* Begin PBXFrameworksBuildPhase section */
		79AA11B92F7FFE24002FEAF2 /* Frameworks */ = {
			isa = PBXFrameworksBuildPhase;
			buildActionMask = 2147483647;
			files = (
				79AA11C72F7FFF46002FEAF2 /* libarchive.tbd in Frameworks */,
			);
			runOnlyForDeploymentPostprocessing = 0;
		};
		79BF97F42E6291EE00C60D4C /* Frameworks */ = {
			isa = PBXFrameworksBuildPhase;
			buildActionMask = 2147483647;
			files = (
				79BF9A8F2E62BA8700C60D4C /* libarchive.tbd in Frameworks */,
				8FB3BB043030089000DB3ABC /* LiveShim.framework in Frameworks */,
			);
			runOnlyForDeploymentPostprocessing = 0;
		};
		860D91722FAE1F95000D321B /* Frameworks */ = {
			isa = PBXFrameworksBuildPhase;
			buildActionMask = 2147483647;
			files = (
				860D91832FAE1F9C000D321B /* CoreCompiler.framework in Frameworks */,
			);
			runOnlyForDeploymentPostprocessing = 0;
		};
		86DCC2572FA5209600973169 /* Frameworks */ = {
			isa = PBXFrameworksBuildPhase;
			buildActionMask = 2147483647;
			files = (
				86DCC30A2FA521A600973169 /* libz.tbd in Frameworks */,
			);
			runOnlyForDeploymentPostprocessing = 0;
		};
		8FB3BAD8302FFBAA00DB3ABC /* Frameworks */ = {
			isa = PBXFrameworksBuildPhase;
			buildActionMask = 2147483647;
			files = (
				8FF32E2D3036F8DC00C46FE4 /* libHWHook.a in Frameworks */,
			);
			runOnlyForDeploymentPostprocessing = 0;
		};
		8FF32DEA3036F59E00C46FE4 /* Frameworks */ = {
			isa = PBXFrameworksBuildPhase;
			buildActionMask = 2147483647;
			files = (
			);
			runOnlyForDeploymentPostprocessing = 0;
		};
		AF9916D62DC8C42200DDF895 /* Frameworks */ = {
			isa = PBXFrameworksBuildPhase;
			buildActionMask = 2147483647;
			files = (
				86E4D4F72FB8CF63008BFE4D /* TreeSitterSwift in Frameworks */,
				860D917D2FAE1F95000D321B /* MobileDevelopmentKit.framework in Frameworks */,
				79B708BC2F73157F000F38E7 /* TreeSitterCPP in Frameworks */,
				79B70C1C2F73223A000F38E7 /* Runestone in Frameworks */,
				79B70C1F2F732364000F38E7 /* Runestone in Frameworks */,
				8F4D96E62FFBF8FB006CAF3C /* Runestone in Frameworks */,
				8FECB2472FFD34D500049BB0 /* Runestone in Frameworks */,
				8F60FE5A3032DB610028EDFD /* UIOnboarding in Frameworks */,
				AF9919582DC9175A00DDF895 /* TreeSitterObjc in Frameworks */,
				793A4E3B2F84FE1D003B609A /* Runestone in Frameworks */,
				791C96052F8726B0006AF674 /* Runestone in Frameworks */,
				8FD30F253044E7390059AE9A /* libHWHook.a in Frameworks */,
				793FCD242E6730740011B3F5 /* libarchive.tbd in Frameworks */,
				860D91E02FAE2E4C000D321B /* CoreCompiler.framework in Frameworks */,
				79D1DA672F92A6CE0020518A /* TreeSitterSwift in Frameworks */,
				8F60FE5D3032DC260028EDFD /* UIOnboarding in Frameworks */,
				8F6005203033EB920028EDFD /* UIOnboarding in Frameworks */,
				8FECB24D2FFD367A00049BB0 /* Runestone in Frameworks */,
				AF99195B2DC9176900DDF895 /* TreeSitterC in Frameworks */,
				8F60051D3033DD2F0028EDFD /* UIOnboarding in Frameworks */,
				AFF4E3492DCCCE0F00B1B5F9 /* TreeSitterXML in Frameworks */,
				793A7E502EB5996A0044418E /* SwiftTerm in Frameworks */,
			);
			runOnlyForDeploymentPostprocessing = 0;
		};
/* End PBXFrameworksBuildPhase section */

/* Begin PBXGroup section */
		7944B5662DEC74FC00834134 /* Frameworks */ = {
			isa = PBXGroup;
			children = (
				86DCC3092FA521A100973169 /* libz.1.tbd */,
				86DCC3082FA5219900973169 /* libz.tbd */,
				79BF9A8E2E62BA7D00C60D4C /* libarchive.tbd */,
				79AA11C32F7FFEE4002FEAF2 /* libarchive.tbd */,
				79AA11C42F7FFEFF002FEAF2 /* libarchive.tbd */,
				7944B5672DEC74FC00834134 /* MobileCoreServices.framework */,
				79281CBF2E3A44CA00E983C9 /* UniformTypeIdentifiers.framework */,
			);
			name = Frameworks;
			sourceTree = "<group>";
		};
		AF9916D02DC8C42200DDF895 = {
			isa = PBXGroup;
			children = (
				8FF346DD3039AA7000C46FE4 /* ksurface_abi.h */,
				8FB3C1EA3031450500DB3ABC /* ksurface_config.h */,
				79277DC62EE8761000F18B30 /* version.sh */,
				79277DC02EE8752800F18B30 /* Config.xcconfig */,
				AF99171F2DC8EA3C00DDF895 /* Shared */,
				AF9916DB2DC8C42200DDF895 /* Nyxian */,
				798692F02E627A3B00390D7E /* LiveProcess */,
				79AA11BD2F7FFE24002FEAF2 /* nxtool */,
				8FB3C1EC303145D600DB3ABC /* Frameworks */,
				7944B5662DEC74FC00834134 /* Frameworks */,
				79BF97F72E6291EE00C60D4C /* LiveProcess.appex */,
				7944B5652DEC74EA00834134 /* Nyxian.app */,
				79AA11BC2F7FFE24002FEAF2 /* nxtool */,
				86DCC25A2FA5209600973169 /* CoreCompiler.framework */,
				860D91752FAE1F95000D321B /* MobileDevelopmentKit.framework */,
				8FB3BADB302FFBAA00DB3ABC /* LiveShim.framework */,
				8FF32DED3036F59E00C46FE4 /* libHWHook.a */,
			);
			sourceTree = "<group>";
		};
/* End PBXGroup section */

/* Begin PBXHeadersBuildPhase section */
		860D91702FAE1F95000D321B /* Headers */ = {
			isa = PBXHeadersBuildPhase;
			buildActionMask = 2147483647;
			files = (
			);
			runOnlyForDeploymentPostprocessing = 0;
		};
		86DCC2552FA5209600973169 /* Headers */ = {
			isa = PBXHeadersBuildPhase;
			buildActionMask = 2147483647;
			files = (
			);
			runOnlyForDeploymentPostprocessing = 0;
		};
		8FB3BAD6302FFBAA00DB3ABC /* Headers */ = {
			isa = PBXHeadersBuildPhase;
			buildActionMask = 2147483647;
			files = (
			);
			runOnlyForDeploymentPostprocessing = 0;
		};
/* End PBXHeadersBuildPhase section */

/* Begin PBXNativeTarget section */
		79AA11BB2F7FFE24002FEAF2 /* nxtool */ = {
			isa = PBXNativeTarget;
			buildConfigurationList = 79AA11C02F7FFE24002FEAF2 /* Build configuration list for PBXNativeTarget "nxtool" */;
			buildPhases = (
				79AA11B82F7FFE24002FEAF2 /* Sources */,
				79AA11B92F7FFE24002FEAF2 /* Frameworks */,
				79AA11BA2F7FFE24002FEAF2 /* CopyFiles */,
			);
			buildRules = (
			);
			dependencies = (
			);
			fileSystemSynchronizedGroups = (
				79AA11BD2F7FFE24002FEAF2 /* nxtool */,
			);
			name = nxtool;
			packageProductDependencies = (
			);
			productName = nxtool;
			productReference = 79AA11BC2F7FFE24002FEAF2 /* nxtool */;
			productType = "com.apple.product-type.tool";
		};
		79BF97F62E6291EE00C60D4C /* LiveProcess */ = {
			isa = PBXNativeTarget;
			buildConfigurationList = 79BF98062E6291EE00C60D4C /* Build configuration list for PBXNativeTarget "LiveProcess" */;
			buildPhases = (
				79BF97F32E6291EE00C60D4C /* Sources */,
				79BF97F42E6291EE00C60D4C /* Frameworks */,
				79BF97F52E6291EE00C60D4C /* Resources */,
				8FB3BB083030089000DB3ABC /* Embed Frameworks */,
			);
			buildRules = (
			);
			dependencies = (
				8FB3BB073030089000DB3ABC /* PBXTargetDependency */,
			);
			name = LiveProcess;
			packageProductDependencies = (
			);
			productName = LiveProcess;
			productReference = 79BF97F72E6291EE00C60D4C /* LiveProcess.appex */;
			productType = "com.apple.product-type.app-extension";
		};
		860D91742FAE1F95000D321B /* MobileDevelopmentKit */ = {
			isa = PBXNativeTarget;
			buildConfigurationList = 860D917F2FAE1F95000D321B /* Build configuration list for PBXNativeTarget "MobileDevelopmentKit" */;
			buildPhases = (
				860D91702FAE1F95000D321B /* Headers */,
				860D91712FAE1F95000D321B /* Sources */,
				860D91722FAE1F95000D321B /* Frameworks */,
				860D91732FAE1F95000D321B /* Resources */,
			);
			buildRules = (
			);
			dependencies = (
				860D91862FAE1F9C000D321B /* PBXTargetDependency */,
			);
			name = MobileDevelopmentKit;
			packageProductDependencies = (
			);
			productName = MobileDevelopmentKit;
			productReference = 860D91752FAE1F95000D321B /* MobileDevelopmentKit.framework */;
			productType = "com.apple.product-type.framework";
		};
		86DCC2592FA5209600973169 /* CoreCompiler */ = {
			isa = PBXNativeTarget;
			buildConfigurationList = 86DCC2642FA5209600973169 /* Build configuration list for PBXNativeTarget "CoreCompiler" */;
			buildPhases = (
				86DCC2552FA5209600973169 /* Headers */,
				86DCC2562FA5209600973169 /* Sources */,
				86DCC2572FA5209600973169 /* Frameworks */,
				86DCC2582FA5209600973169 /* Resources */,
				86DCC2922FA520EE00973169 /* Embed Libraries */,
			);
			buildRules = (
			);
			dependencies = (
			);
			name = CoreCompiler;
			packageProductDependencies = (
			);
			productName = CoreCompiler;
			productReference = 86DCC25A2FA5209600973169 /* CoreCompiler.framework */;
			productType = "com.apple.product-type.framework";
		};
		8FB3BADA302FFBAA00DB3ABC /* LiveShim */ = {
			isa = PBXNativeTarget;
			buildConfigurationList = 8FB3BAE5302FFBAA00DB3ABC /* Build configuration list for PBXNativeTarget "LiveShim" */;
			buildPhases = (
				8FB3BAD6302FFBAA00DB3ABC /* Headers */,
				8FB3BAD7302FFBAA00DB3ABC /* Sources */,
				8FB3BAD8302FFBAA00DB3ABC /* Frameworks */,
				8FB3BAD9302FFBAA00DB3ABC /* Resources */,
			);
			buildRules = (
			);
			dependencies = (
				8FF32E2F3036F8DC00C46FE4 /* PBXTargetDependency */,
			);
			name = LiveShim;
			packageProductDependencies = (
			);
			productName = LiveShim;
			productReference = 8FB3BADB302FFBAA00DB3ABC /* LiveShim.framework */;
			productType = "com.apple.product-type.framework";
		};
		8FF32DEC3036F59E00C46FE4 /* HWHook */ = {
			isa = PBXNativeTarget;
			buildConfigurationList = 8FF32DF43036F59E00C46FE4 /* Build configuration list for PBXNativeTarget "HWHook" */;
			buildPhases = (
				8FF32DE93036F59E00C46FE4 /* Sources */,
				8FF32DEA3036F59E00C46FE4 /* Frameworks */,
				8FF32DEB3036F59E00C46FE4 /* CopyFiles */,
			);
			buildRules = (
			);
			dependencies = (
			);
			name = HWHook;
			packageProductDependencies = (
			);
			productName = HWHook;
			productReference = 8FF32DED3036F59E00C46FE4 /* libHWHook.a */;
			productType = "com.apple.product-type.library.static";
		};
		AF9916D82DC8C42200DDF895 /* Nyxian */ = {
			isa = PBXNativeTarget;
			buildConfigurationList = AF9916E72DC8C42400DDF895 /* Build configuration list for PBXNativeTarget "Nyxian" */;
			buildPhases = (
				AF9916D52DC8C42200DDF895 /* Sources */,
				AF9916D62DC8C42200DDF895 /* Frameworks */,
				AF9916D72DC8C42200DDF895 /* Resources */,
				AFF4DB332DCA57EC00B1B5F9 /* Embed Libraries */,
				8F60087B3033F9200028EDFD /* Embed Foundation Extensions */,
			);
			buildRules = (
			);
			dependencies = (
				860D917C2FAE1F95000D321B /* PBXTargetDependency */,
				860D91E32FAE2E4C000D321B /* PBXTargetDependency */,
				8FB3BE8C303131D800DB3ABC /* PBXTargetDependency */,
				8F60087A3033F9200028EDFD /* PBXTargetDependency */,
				8FD30F273044E7390059AE9A /* PBXTargetDependency */,
			);
			fileSystemSynchronizedGroups = (
				AF9916DB2DC8C42200DDF895 /* Nyxian */,
			);
			name = Nyxian;
			packageProductDependencies = (
				AF9919572DC9175A00DDF895 /* TreeSitterObjc */,
				AF99195A2DC9176900DDF895 /* TreeSitterC */,
				AFF4E3482DCCCE0F00B1B5F9 /* TreeSitterXML */,
				793A7E4F2EB5996A0044418E /* SwiftTerm */,
				79B708BB2F73157F000F38E7 /* TreeSitterCPP */,
				79B70C1B2F73223A000F38E7 /* Runestone */,
				79B70C1E2F732364000F38E7 /* Runestone */,
				793A4E3A2F84FE1D003B609A /* Runestone */,
				791C96042F8726B0006AF674 /* Runestone */,
				79D1DA662F92A6CE0020518A /* TreeSitterSwift */,
				86E4D4F62FB8CF63008BFE4D /* TreeSitterSwift */,
				8F4D96E52FFBF8FB006CAF3C /* Runestone */,
				8FECB2462FFD34D500049BB0 /* Runestone */,
				8FECB24C2FFD367A00049BB0 /* Runestone */,
				8F60FE593032DB610028EDFD /* UIOnboarding */,
				8F60FE5C3032DC260028EDFD /* UIOnboarding */,
				8F60051C3033DD2F0028EDFD /* UIOnboarding */,
				8F60051F3033EB920028EDFD /* UIOnboarding */,
			);
			productName = LindDE;
			productReference = 7944B5652DEC74EA00834134 /* Nyxian.app */;
			productType = "com.apple.product-type.application";
		};
/* End PBXNativeTarget section */

/* Begin PBXProject section */
		AF9916D12DC8C42200DDF895 /* Project object */ = {
			isa = PBXProject;
			attributes = {
				BuildIndependentTargetsInParallel = 1;
				LastSwiftUpdateCheck = 2600;
				LastUpgradeCheck = 2700;
				TargetAttributes = {
					79AA11BB2F7FFE24002FEAF2 = {
						CreatedOnToolsVersion = 26.0.1;
					};
					79BF97F62E6291EE00C60D4C = {
						CreatedOnToolsVersion = 16.4;
					};
					860D91742FAE1F95000D321B = {
						CreatedOnToolsVersion = 26.4.1;
						LastSwiftMigration = 2650;
					};
					86DCC2592FA5209600973169 = {
						CreatedOnToolsVersion = 26.4.1;
						LastSwiftMigration = 2640;
					};
					8FB3BADA302FFBAA00DB3ABC = {
						CreatedOnToolsVersion = 27.0;
					};
					8FF32DEC3036F59E00C46FE4 = {
						CreatedOnToolsVersion = 27.0;
					};
					AF9916D82DC8C42200DDF895 = {
						CreatedOnToolsVersion = 16.2;
					};
				};
			};
			buildConfigurationList = AF9916D42DC8C42200DDF895 /* Build configuration list for PBXProject "Nyxian" */;
			developmentRegion = en;
			hasScannedForEncodings = 0;
			knownRegions = (
				en,
				Base,
			);
			mainGroup = AF9916D02DC8C42200DDF895;
			minimizedProjectReferenceProxies = 1;
			packageReferences = (
				AF9919562DC9175A00DDF895 /* XCRemoteSwiftPackageReference "tree-sitter-objc" */,
				AF9919592DC9176900DDF895 /* XCRemoteSwiftPackageReference "tree-sitter-c" */,
				AFF4E3472DCCCE0F00B1B5F9 /* XCRemoteSwiftPackageReference "tree-sitter-xml" */,
				793A7E4E2EB599690044418E /* XCRemoteSwiftPackageReference "SwiftTerm" */,
				79B708BA2F73157F000F38E7 /* XCRemoteSwiftPackageReference "tree-sitter-cpp" */,
				86E4D4F52FB8CF63008BFE4D /* XCRemoteSwiftPackageReference "tree-sitter-swift" */,
				8FECB24B2FFD367A00049BB0 /* XCRemoteSwiftPackageReference "Runestone" */,
				8F60051E3033EB920028EDFD /* XCRemoteSwiftPackageReference "UIOnboarding" */,
			);
			preferredProjectObjectVersion = 77;
			productRefGroup = AF9916D02DC8C42200DDF895;
			projectDirPath = "";
			projectRoot = "";
			targets = (
				AF9916D82DC8C42200DDF895 /* Nyxian */,
				79BF97F62E6291EE00C60D4C /* LiveProcess */,
				860D91742FAE1F95000D321B /* MobileDevelopmentKit */,
				86DCC2592FA5209600973169 /* CoreCompiler */,
				8FB3BADA302FFBAA00DB3ABC /* LiveShim */,
				8FF32DEC3036F59E00C46FE4 /* HWHook */,
				79AA11BB2F7FFE24002FEAF2 /* nxtool */,
			);
		};
/* End PBXProject section */

/* Begin PBXResourcesBuildPhase section */
		79BF97F52E6291EE00C60D4C /* Resources */ = {
			isa = PBXResourcesBuildPhase;
			buildActionMask = 2147483647;
			files = (
			);
			runOnlyForDeploymentPostprocessing = 0;
		};
		860D91732FAE1F95000D321B /* Resources */ = {
			isa = PBXResourcesBuildPhase;
			buildActionMask = 2147483647;
			files = (
			);
			runOnlyForDeploymentPostprocessing = 0;
		};
		86DCC2582FA5209600973169 /* Resources */ = {
			isa = PBXResourcesBuildPhase;
			buildActionMask = 2147483647;
			files = (
			);
			runOnlyForDeploymentPostprocessing = 0;
		};
		8FB3BAD9302FFBAA00DB3ABC /* Resources */ = {
			isa = PBXResourcesBuildPhase;
			buildActionMask = 2147483647;
			files = (
			);
			runOnlyForDeploymentPostprocessing = 0;
		};
		AF9916D72DC8C42200DDF895 /* Resources */ = {
			isa = PBXResourcesBuildPhase;
			buildActionMask = 2147483647;
			files = (
				AFF4D5D92DC9390B00B1B5F9 /* Shared in Resources */,
			);
			runOnlyForDeploymentPostprocessing = 0;
		};
/* End PBXResourcesBuildPhase section */

/* Begin PBXSourcesBuildPhase section */
		79AA11B82F7FFE24002FEAF2 /* Sources */ = {
			isa = PBXSourcesBuildPhase;
			buildActionMask = 2147483647;
			files = (
			);
			runOnlyForDeploymentPostprocessing = 0;
		};
		79BF97F32E6291EE00C60D4C /* Sources */ = {
			isa = PBXSourcesBuildPhase;
			buildActionMask = 2147483647;
			files = (
			);
			runOnlyForDeploymentPostprocessing = 0;
		};
		860D91712FAE1F95000D321B /* Sources */ = {
			isa = PBXSourcesBuildPhase;
			buildActionMask = 2147483647;
			files = (
			);
			runOnlyForDeploymentPostprocessing = 0;
		};
		86DCC2562FA5209600973169 /* Sources */ = {
			isa = PBXSourcesBuildPhase;
			buildActionMask = 2147483647;
			files = (
			);
			runOnlyForDeploymentPostprocessing = 0;
		};
		8FB3BAD7302FFBAA00DB3ABC /* Sources */ = {
			isa = PBXSourcesBuildPhase;
			buildActionMask = 2147483647;
			files = (
			);
			runOnlyForDeploymentPostprocessing = 0;
		};
		8FF32DE93036F59E00C46FE4 /* Sources */ = {
			isa = PBXSourcesBuildPhase;
			buildActionMask = 2147483647;
			files = (
			);
			runOnlyForDeploymentPostprocessing = 0;
		};
		AF9916D52DC8C42200DDF895 /* Sources */ = {
			isa = PBXSourcesBuildPhase;
			buildActionMask = 2147483647;
			files = (
			);
			runOnlyForDeploymentPostprocessing = 0;
		};
/* End PBXSourcesBuildPhase section */

/* Begin PBXTargetDependency section */
		860D917C2FAE1F95000D321B /* PBXTargetDependency */ = {
			isa = PBXTargetDependency;
			target = 860D91742FAE1F95000D321B /* MobileDevelopmentKit */;
			targetProxy = 860D917B2FAE1F95000D321B /* PBXContainerItemProxy */;
		};
		860D91862FAE1F9C000D321B /* PBXTargetDependency */ = {
			isa = PBXTargetDependency;
			platformFilter = ios;
			target = 86DCC2592FA5209600973169 /* CoreCompiler */;
			targetProxy = 860D91852FAE1F9C000D321B /* PBXContainerItemProxy */;
		};
		860D91E32FAE2E4C000D321B /* PBXTargetDependency */ = {
			isa = PBXTargetDependency;
			target = 86DCC2592FA5209600973169 /* CoreCompiler */;
			targetProxy = 860D91E22FAE2E4C000D321B /* PBXContainerItemProxy */;
		};
		8F60087A3033F9200028EDFD /* PBXTargetDependency */ = {
			isa = PBXTargetDependency;
			target = 79BF97F62E6291EE00C60D4C /* LiveProcess */;
			targetProxy = 8F6008793033F9200028EDFD /* PBXContainerItemProxy */;
		};
		8FB3BB073030089000DB3ABC /* PBXTargetDependency */ = {
			isa = PBXTargetDependency;
			target = 8FB3BADA302FFBAA00DB3ABC /* LiveShim */;
			targetProxy = 8FB3BB063030089000DB3ABC /* PBXContainerItemProxy */;
		};
		8FB3BE8C303131D800DB3ABC /* PBXTargetDependency */ = {
			isa = PBXTargetDependency;
			target = 79BF97F62E6291EE00C60D4C /* LiveProcess */;
			targetProxy = 8FB3BE8B303131D800DB3ABC /* PBXContainerItemProxy */;
		};
		8FD30F273044E7390059AE9A /* PBXTargetDependency */ = {
			isa = PBXTargetDependency;
			target = 8FF32DEC3036F59E00C46FE4 /* HWHook */;
			targetProxy = 8FD30F263044E7390059AE9A /* PBXContainerItemProxy */;
		};
		8FF32E2F3036F8DC00C46FE4 /* PBXTargetDependency */ = {
			isa = PBXTargetDependency;
			target = 8FF32DEC3036F59E00C46FE4 /* HWHook */;
			targetProxy = 8FF32E2E3036F8DC00C46FE4 /* PBXContainerItemProxy */;
		};
/* End PBXTargetDependency section */

/* Begin XCBuildConfiguration section */
		79AA11C12F7FFE24002FEAF2 /* Debug */ = {
			isa = XCBuildConfiguration;
			buildSettings = {
				ARCHS = "$(ARCHS_STANDARD)";
				CODE_SIGN_STYLE = Automatic;
				DEAD_CODE_STRIPPING = YES;
				ENABLE_HARDENED_RUNTIME = YES;
				HEADER_SEARCH_PATHS = (
					"$(SRCROOT)",
					Nyxian/,
				);
				LD_RUNPATH_SEARCH_PATHS = "@loader_path";
				MACOSX_DEPLOYMENT_TARGET = 12.0;
				OTHER_CFLAGS = "-D__NXTOOL";
				PRODUCT_NAME = "$(TARGET_NAME)";
				SDKROOT = macosx;
			};
			name = Debug;
		};
		79AA11C22F7FFE24002FEAF2 /* Release */ = {
			isa = XCBuildConfiguration;
			buildSettings = {
				ARCHS = "$(ARCHS_STANDARD)";
				CODE_SIGN_STYLE = Automatic;
				DEAD_CODE_STRIPPING = YES;
				ENABLE_HARDENED_RUNTIME = YES;
				HEADER_SEARCH_PATHS = (
					"$(SRCROOT)",
					Nyxian/,
				);
				LD_RUNPATH_SEARCH_PATHS = "@loader_path";
				MACOSX_DEPLOYMENT_TARGET = 12.0;
				OTHER_CFLAGS = "-D__NXTOOL";
				PRODUCT_NAME = "$(TARGET_NAME)";
				SDKROOT = macosx;
			};
			name = Release;
		};
		79BF98072E6291EE00C60D4C /* Debug */ = {
			isa = XCBuildConfiguration;
			baseConfigurationReference = 79277DC02EE8752800F18B30 /* Config.xcconfig */;
			buildSettings = {
				CODE_SIGN_ENTITLEMENTS = "$(NYXIAN_LIVEPROCESS_CODE_SIGN_ENTITLEMENTS)";
				CODE_SIGN_IDENTITY = "Apple Development";
				CODE_SIGN_STYLE = Automatic;
				CURRENT_PROJECT_VERSION = "$(BUILD_NUMBER)";
				DEAD_CODE_STRIPPING = YES;
				GCC_OPTIMIZATION_LEVEL = s;
				GENERATE_INFOPLIST_FILE = YES;
				HEADER_SEARCH_PATHS = (
					"$(SRCROOT)",
					Nyxian/,
					LiveProcess/,
				);
				INFOPLIST_FILE = LiveProcess/Info.plist;
				INFOPLIST_KEY_CFBundleDisplayName = LiveProcess;
				INFOPLIST_KEY_NSHumanReadableCopyright = "";
				INFOPLIST_KEY_UIMainStoryboardFile = "";
				IPHONEOS_DEPLOYMENT_TARGET = 17.0;
				LD_RUNPATH_SEARCH_PATHS = (
					"$(inherited)",
					"@executable_path/Frameworks",
					"@executable_path/../../Frameworks",
				);
				MARKETING_VERSION = "$(VERSION)";
				OTHER_CFLAGS = "-DCLIENT_ENV";
				OTHER_LDFLAGS = (
					"-Wl,-U,_OBJC_CLASS_$_FBSSceneParameters",
					"-Wl,-U,_OBJC_CLASS_$_LSApplicationWorkspace",
				);
				PRODUCT_BUNDLE_IDENTIFIER = "$(NYXIAN_LIVEPROCESS_PRODUCT_BUNDLE_IDENTIFIER)";
				PRODUCT_NAME = "$(TARGET_NAME)";
				PROVISIONING_PROFILE_SPECIFIER = "";
				SKIP_INSTALL = YES;
				SUPPORTED_PLATFORMS = "iphoneos iphonesimulator";
				SUPPORTS_MACCATALYST = NO;
				SUPPORTS_MAC_DESIGNED_FOR_IPHONE_IPAD = NO;
				SUPPORTS_XR_DESIGNED_FOR_IPHONE_IPAD = NO;
				SWIFT_EMIT_LOC_STRINGS = YES;
				TARGETED_DEVICE_FAMILY = "1,2";
			};
			name = Debug;
		};
		79BF98082E6291EE00C60D4C /* Release */ = {
			isa = XCBuildConfiguration;
			baseConfigurationReference = 79277DC02EE8752800F18B30 /* Config.xcconfig */;
			buildSettings = {
				CODE_SIGN_ENTITLEMENTS = "$(NYXIAN_LIVEPROCESS_CODE_SIGN_ENTITLEMENTS)";
				CODE_SIGN_IDENTITY = "Apple Development";
				CODE_SIGN_STYLE = Automatic;
				CURRENT_PROJECT_VERSION = "$(BUILD_NUMBER)";
				DEAD_CODE_STRIPPING = YES;
				GCC_OPTIMIZATION_LEVEL = s;
				GENERATE_INFOPLIST_FILE = YES;
				HEADER_SEARCH_PATHS = (
					"$(SRCROOT)",
					Nyxian/,
					LiveProcess/,
				);
				INFOPLIST_FILE = LiveProcess/Info.plist;
				INFOPLIST_KEY_CFBundleDisplayName = LiveProcess;
				INFOPLIST_KEY_NSHumanReadableCopyright = "";
				INFOPLIST_KEY_UIMainStoryboardFile = "";
				IPHONEOS_DEPLOYMENT_TARGET = 17.0;
				LD_RUNPATH_SEARCH_PATHS = (
					"$(inherited)",
					"@executable_path/Frameworks",
					"@executable_path/../../Frameworks",
				);
				MARKETING_VERSION = "$(VERSION)";
				OTHER_CFLAGS = "-DCLIENT_ENV";
				OTHER_LDFLAGS = (
					"-Wl,-U,_OBJC_CLASS_$_FBSSceneParameters",
					"-Wl,-U,_OBJC_CLASS_$_LSApplicationWorkspace",
				);
				PRODUCT_BUNDLE_IDENTIFIER = "$(NYXIAN_LIVEPROCESS_PRODUCT_BUNDLE_IDENTIFIER)";
				PRODUCT_NAME = "$(TARGET_NAME)";
				PROVISIONING_PROFILE_SPECIFIER = "";
				SKIP_INSTALL = YES;
				SUPPORTED_PLATFORMS = "iphoneos iphonesimulator";
				SUPPORTS_MACCATALYST = NO;
				SUPPORTS_MAC_DESIGNED_FOR_IPHONE_IPAD = NO;
				SUPPORTS_XR_DESIGNED_FOR_IPHONE_IPAD = NO;
				SWIFT_EMIT_LOC_STRINGS = YES;
				TARGETED_DEVICE_FAMILY = "1,2";
			};
			name = Release;
		};
		860D91802FAE1F95000D321B /* Debug */ = {
			isa = XCBuildConfiguration;
			buildSettings = {
				CLANG_CXX_LANGUAGE_STANDARD = "gnu++17";
				CLANG_ENABLE_MODULES = YES;
				CODE_SIGN_IDENTITY = "Apple Development";
				CODE_SIGN_STYLE = Automatic;
				CURRENT_PROJECT_VERSION = 1;
				DEFINES_MODULE = YES;
				DYLIB_COMPATIBILITY_VERSION = 1;
				DYLIB_CURRENT_VERSION = 1;
				DYLIB_INSTALL_NAME_BASE = "@rpath";
				ENABLE_MODULE_VERIFIER = YES;
				GENERATE_INFOPLIST_FILE = YES;
				INFOPLIST_KEY_NSHumanReadableCopyright = "";
				INSTALL_PATH = "$(LOCAL_LIBRARY_DIR)/Frameworks";
				IPHONEOS_DEPLOYMENT_TARGET = 16.0;
				LD_RUNPATH_SEARCH_PATHS = (
					"$(inherited)",
					"@executable_path/Frameworks",
					"@loader_path/Frameworks",
				);
				MARKETING_VERSION = 1.0;
				MODULE_VERIFIER_SUPPORTED_LANGUAGES = "objective-c objective-c++";
				MODULE_VERIFIER_SUPPORTED_LANGUAGE_STANDARDS = "gnu17 gnu++20";
				PRODUCT_BUNDLE_IDENTIFIER = com.cr4zy.MobileDevelopmentKit;
				PRODUCT_NAME = "$(TARGET_NAME:c99extidentifier)";
				SKIP_INSTALL = YES;
				STRING_CATALOG_GENERATE_SYMBOLS = YES;
				SUPPORTED_PLATFORMS = "iphoneos iphonesimulator";
				SUPPORTS_MACCATALYST = NO;
				SUPPORTS_MAC_DESIGNED_FOR_IPHONE_IPAD = NO;
				SUPPORTS_XR_DESIGNED_FOR_IPHONE_IPAD = NO;
				SWIFT_EMIT_LOC_STRINGS = YES;
				SWIFT_OPTIMIZATION_LEVEL = "-Onone";
				SWIFT_VERSION = 6.0;
				TARGETED_DEVICE_FAMILY = "1,2";
				VERSIONING_SYSTEM = "apple-generic";
				VERSION_INFO_PREFIX = "";
			};
			name = Debug;
		};
		860D91812FAE1F95000D321B /* Release */ = {
			isa = XCBuildConfiguration;
			buildSettings = {
				CLANG_CXX_LANGUAGE_STANDARD = "gnu++17";
				CLANG_ENABLE_MODULES = YES;
				CODE_SIGN_IDENTITY = "Apple Development";
				CODE_SIGN_STYLE = Automatic;
				CURRENT_PROJECT_VERSION = 1;
				DEFINES_MODULE = YES;
				DYLIB_COMPATIBILITY_VERSION = 1;
				DYLIB_CURRENT_VERSION = 1;
				DYLIB_INSTALL_NAME_BASE = "@rpath";
				ENABLE_MODULE_VERIFIER = YES;
				GENERATE_INFOPLIST_FILE = YES;
				INFOPLIST_KEY_NSHumanReadableCopyright = "";
				INSTALL_PATH = "$(LOCAL_LIBRARY_DIR)/Frameworks";
				IPHONEOS_DEPLOYMENT_TARGET = 16.0;
				LD_RUNPATH_SEARCH_PATHS = (
					"$(inherited)",
					"@executable_path/Frameworks",
					"@loader_path/Frameworks",
				);
				MARKETING_VERSION = 1.0;
				MODULE_VERIFIER_SUPPORTED_LANGUAGES = "objective-c objective-c++";
				MODULE_VERIFIER_SUPPORTED_LANGUAGE_STANDARDS = "gnu17 gnu++20";
				PRODUCT_BUNDLE_IDENTIFIER = com.cr4zy.MobileDevelopmentKit;
				PRODUCT_NAME = "$(TARGET_NAME:c99extidentifier)";
				SKIP_INSTALL = YES;
				STRING_CATALOG_GENERATE_SYMBOLS = YES;
				SUPPORTED_PLATFORMS = "iphoneos iphonesimulator";
				SUPPORTS_MACCATALYST = NO;
				SUPPORTS_MAC_DESIGNED_FOR_IPHONE_IPAD = NO;
				SUPPORTS_XR_DESIGNED_FOR_IPHONE_IPAD = NO;
				SWIFT_EMIT_LOC_STRINGS = YES;
				SWIFT_VERSION = 6.0;
				TARGETED_DEVICE_FAMILY = "1,2";
				VERSIONING_SYSTEM = "apple-generic";
				VERSION_INFO_PREFIX = "";
			};
			name = Release;
		};
		86DCC2652FA5209600973169 /* Debug */ = {
			isa = XCBuildConfiguration;
			buildSettings = {
				CLANG_CXX_LANGUAGE_STANDARD = "gnu++17";
				CLANG_ENABLE_MODULES = YES;
				CODE_SIGN_IDENTITY = "Apple Development";
				CODE_SIGN_STYLE = Automatic;
				CURRENT_PROJECT_VERSION = 1;
				DEFINES_MODULE = YES;
				DYLIB_COMPATIBILITY_VERSION = 1;
				DYLIB_CURRENT_VERSION = 1;
				DYLIB_INSTALL_NAME_BASE = "@rpath";
				ENABLE_MODULE_VERIFIER = YES;
				GENERATE_INFOPLIST_FILE = YES;
				INFOPLIST_KEY_NSHumanReadableCopyright = "";
				INSTALL_PATH = "$(LOCAL_LIBRARY_DIR)/Frameworks";
				IPHONEOS_DEPLOYMENT_TARGET = 16.0;
				LD_RUNPATH_SEARCH_PATHS = (
					"$(inherited)",
					"@executable_path/Frameworks",
					"@loader_path/Frameworks",
				);
				LIBRARY_SEARCH_PATHS = (
					"$(inherited)",
					"$(PROJECT_DIR)/CoreCompiler/CoreCompilerSupportLibs",
					"$(PROJECT_DIR)/Frameworks/CoreCompiler/CoreCompilerSupportLibs",
				);
				MARKETING_VERSION = 1.0;
				MODULE_VERIFIER_SUPPORTED_LANGUAGES = "objective-c objective-c++";
				MODULE_VERIFIER_SUPPORTED_LANGUAGE_STANDARDS = "gnu17 gnu++20";
				PRODUCT_BUNDLE_IDENTIFIER = com.cr4zy.CoreCompiler;
				PRODUCT_NAME = "$(TARGET_NAME:c99extidentifier)";
				SKIP_INSTALL = YES;
				STRING_CATALOG_GENERATE_SYMBOLS = YES;
				SUPPORTED_PLATFORMS = "iphoneos iphonesimulator";
				SUPPORTS_MACCATALYST = NO;
				SUPPORTS_MAC_DESIGNED_FOR_IPHONE_IPAD = NO;
				SUPPORTS_XR_DESIGNED_FOR_IPHONE_IPAD = NO;
				SWIFT_EMIT_LOC_STRINGS = YES;
				SWIFT_OPTIMIZATION_LEVEL = "-Onone";
				SWIFT_VERSION = 6.0;
				TARGETED_DEVICE_FAMILY = "1,2";
				VERSIONING_SYSTEM = "apple-generic";
				VERSION_INFO_PREFIX = "";
				WARNING_CFLAGS = (
					"-Wno-shorten-64-to-32",
					"-Wno-documentation",
					"-Wno-documentation-deprecated-sync",
					"-Wno-comma",
				);
			};
			name = Debug;
		};
		86DCC2662FA5209600973169 /* Release */ = {
			isa = XCBuildConfiguration;
			buildSettings = {
				CLANG_CXX_LANGUAGE_STANDARD = "gnu++17";
				CLANG_ENABLE_MODULES = YES;
				CODE_SIGN_IDENTITY = "Apple Development";
				CODE_SIGN_STYLE = Automatic;
				CURRENT_PROJECT_VERSION = 1;
				DEFINES_MODULE = YES;
				DYLIB_COMPATIBILITY_VERSION = 1;
				DYLIB_CURRENT_VERSION = 1;
				DYLIB_INSTALL_NAME_BASE = "@rpath";
				ENABLE_MODULE_VERIFIER = YES;
				GENERATE_INFOPLIST_FILE = YES;
				INFOPLIST_KEY_NSHumanReadableCopyright = "";
				INSTALL_PATH = "$(LOCAL_LIBRARY_DIR)/Frameworks";
				IPHONEOS_DEPLOYMENT_TARGET = 16.0;
				LD_RUNPATH_SEARCH_PATHS = (
					"$(inherited)",
					"@executable_path/Frameworks",
					"@loader_path/Frameworks",
				);
				LIBRARY_SEARCH_PATHS = (
					"$(inherited)",
					"$(PROJECT_DIR)/CoreCompiler/CoreCompilerSupportLibs",
					"$(PROJECT_DIR)/Frameworks/CoreCompiler/CoreCompilerSupportLibs",
				);
				MARKETING_VERSION = 1.0;
				MODULE_VERIFIER_SUPPORTED_LANGUAGES = "objective-c objective-c++";
				MODULE_VERIFIER_SUPPORTED_LANGUAGE_STANDARDS = "gnu17 gnu++20";
				PRODUCT_BUNDLE_IDENTIFIER = com.cr4zy.CoreCompiler;
				PRODUCT_NAME = "$(TARGET_NAME:c99extidentifier)";
				SKIP_INSTALL = YES;
				STRING_CATALOG_GENERATE_SYMBOLS = YES;
				SUPPORTED_PLATFORMS = "iphoneos iphonesimulator";
				SUPPORTS_MACCATALYST = NO;
				SUPPORTS_MAC_DESIGNED_FOR_IPHONE_IPAD = NO;
				SUPPORTS_XR_DESIGNED_FOR_IPHONE_IPAD = NO;
				SWIFT_EMIT_LOC_STRINGS = YES;
				SWIFT_VERSION = 6.0;
				TARGETED_DEVICE_FAMILY = "1,2";
				VERSIONING_SYSTEM = "apple-generic";
				VERSION_INFO_PREFIX = "";
				WARNING_CFLAGS = (
					"-Wno-shorten-64-to-32",
					"-Wno-documentation",
					"-Wno-documentation-deprecated-sync",
					"-Wno-comma",
				);
			};
			name = Release;
		};
		8FB3BAE6302FFBAA00DB3ABC /* Debug */ = {
			isa = XCBuildConfiguration;
			buildSettings = {
				CODE_SIGN_IDENTITY = "Apple Development";
				CODE_SIGN_STYLE = Automatic;
				CURRENT_PROJECT_VERSION = 1;
				DEFINES_MODULE = YES;
				DYLIB_COMPATIBILITY_VERSION = 1;
				DYLIB_CURRENT_VERSION = 1;
				DYLIB_INSTALL_NAME_BASE = "@rpath";
				ENABLE_MODULE_VERIFIER = YES;
				GENERATE_INFOPLIST_FILE = YES;
				HEADER_SEARCH_PATHS = "$(SRCROOT)";
				INFOPLIST_KEY_NSHumanReadableCopyright = "";
				INSTALL_PATH = "$(LOCAL_LIBRARY_DIR)/Frameworks";
				IPHONEOS_DEPLOYMENT_TARGET = 16.0;
				LD_RUNPATH_SEARCH_PATHS = (
					"$(inherited)",
					"@executable_path/Frameworks",
					"@loader_path/Frameworks",
				);
				MARKETING_VERSION = 1.0;
				MODULE_VERIFIER_SUPPORTED_LANGUAGES = "objective-c objective-c++";
				MODULE_VERIFIER_SUPPORTED_LANGUAGE_STANDARDS = "gnu17 gnu++20";
				OTHER_CFLAGS = "-DCLIENT_ENV";
				PRODUCT_BUNDLE_IDENTIFIER = org.emexlabs.LiveShim;
				PRODUCT_NAME = "$(TARGET_NAME:c99extidentifier)";
				SKIP_INSTALL = YES;
				STRING_CATALOG_GENERATE_SYMBOLS = YES;
				SWIFT_EMIT_LOC_STRINGS = YES;
				TARGETED_DEVICE_FAMILY = "1,2";
				VERSIONING_SYSTEM = "apple-generic";
				VERSION_INFO_PREFIX = "";
			};
			name = Debug;
		};
		8FB3BAE7302FFBAA00DB3ABC /* Release */ = {
			isa = XCBuildConfiguration;
			buildSettings = {
				CODE_SIGN_IDENTITY = "Apple Development";
				CODE_SIGN_STYLE = Automatic;
				CURRENT_PROJECT_VERSION = 1;
				DEFINES_MODULE = YES;
				DYLIB_COMPATIBILITY_VERSION = 1;
				DYLIB_CURRENT_VERSION = 1;
				DYLIB_INSTALL_NAME_BASE = "@rpath";
				ENABLE_MODULE_VERIFIER = YES;
				GENERATE_INFOPLIST_FILE = YES;
				HEADER_SEARCH_PATHS = "$(SRCROOT)";
				INFOPLIST_KEY_NSHumanReadableCopyright = "";
				INSTALL_PATH = "$(LOCAL_LIBRARY_DIR)/Frameworks";
				IPHONEOS_DEPLOYMENT_TARGET = 16.0;
				LD_RUNPATH_SEARCH_PATHS = (
					"$(inherited)",
					"@executable_path/Frameworks",
					"@loader_path/Frameworks",
				);
				MARKETING_VERSION = 1.0;
				MODULE_VERIFIER_SUPPORTED_LANGUAGES = "objective-c objective-c++";
				MODULE_VERIFIER_SUPPORTED_LANGUAGE_STANDARDS = "gnu17 gnu++20";
				OTHER_CFLAGS = "-DCLIENT_ENV";
				PRODUCT_BUNDLE_IDENTIFIER = org.emexlabs.LiveShim;
				PRODUCT_NAME = "$(TARGET_NAME:c99extidentifier)";
				SKIP_INSTALL = YES;
				STRING_CATALOG_GENERATE_SYMBOLS = YES;
				SWIFT_EMIT_LOC_STRINGS = YES;
				TARGETED_DEVICE_FAMILY = "1,2";
				VERSIONING_SYSTEM = "apple-generic";
				VERSION_INFO_PREFIX = "";
			};
			name = Release;
		};
		8FF32DF53036F59E00C46FE4 /* Debug */ = {
			isa = XCBuildConfiguration;
			buildSettings = {
				CODE_SIGN_STYLE = Automatic;
				DEVELOPMENT_TEAM = L4A6CKH3TV;
				IPHONEOS_DEPLOYMENT_TARGET = 16.0;
				OTHER_LDFLAGS = "-ObjC";
				PRODUCT_NAME = "$(TARGET_NAME)";
				SKIP_INSTALL = YES;
				TARGETED_DEVICE_FAMILY = "1,2";
			};
			name = Debug;
		};
		8FF32DF63036F59E00C46FE4 /* Release */ = {
			isa = XCBuildConfiguration;
			buildSettings = {
				CODE_SIGN_STYLE = Automatic;
				DEVELOPMENT_TEAM = L4A6CKH3TV;
				IPHONEOS_DEPLOYMENT_TARGET = 16.0;
				OTHER_LDFLAGS = "-ObjC";
				PRODUCT_NAME = "$(TARGET_NAME)";
				SKIP_INSTALL = YES;
				TARGETED_DEVICE_FAMILY = "1,2";
			};
			name = Release;
		};
		AF9916E52DC8C42400DDF895 /* Debug */ = {
			isa = XCBuildConfiguration;
			baseConfigurationReference = 79277DC02EE8752800F18B30 /* Config.xcconfig */;
			buildSettings = {
				ALWAYS_SEARCH_USER_PATHS = NO;
				ASSETCATALOG_COMPILER_GENERATE_SWIFT_ASSET_SYMBOL_EXTENSIONS = YES;
				CLANG_ANALYZER_NONNULL = YES;
				CLANG_ANALYZER_NUMBER_OBJECT_CONVERSION = YES_AGGRESSIVE;
				CLANG_CXX_LANGUAGE_STANDARD = "gnu++20";
				CLANG_ENABLE_MODULES = YES;
				CLANG_ENABLE_OBJC_ARC = YES;
				CLANG_ENABLE_OBJC_WEAK = YES;
				CLANG_WARN_BLOCK_CAPTURE_AUTORELEASING = YES;
				CLANG_WARN_BOOL_CONVERSION = YES;
				CLANG_WARN_COMMA = YES;
				CLANG_WARN_CONSTANT_CONVERSION = YES;
				CLANG_WARN_DEPRECATED_OBJC_IMPLEMENTATIONS = YES;
				CLANG_WARN_DIRECT_OBJC_ISA_USAGE = YES_ERROR;
				CLANG_WARN_DOCUMENTATION_COMMENTS = YES;
				CLANG_WARN_EMPTY_BODY = YES;
				CLANG_WARN_ENUM_CONVERSION = YES;
				CLANG_WARN_INFINITE_RECURSION = YES;
				CLANG_WARN_INT_CONVERSION = YES;
				CLANG_WARN_NON_LITERAL_NULL_CONVERSION = YES;
				CLANG_WARN_OBJC_IMPLICIT_RETAIN_SELF = YES;
				CLANG_WARN_OBJC_LITERAL_CONVERSION = YES;
				CLANG_WARN_OBJC_ROOT_CLASS = YES_ERROR;
				CLANG_WARN_QUOTED_INCLUDE_IN_FRAMEWORK_HEADER = YES;
				CLANG_WARN_RANGE_LOOP_ANALYSIS = YES;
				CLANG_WARN_STRICT_PROTOTYPES = YES;
				CLANG_WARN_SUSPICIOUS_MOVE = YES;
				CLANG_WARN_UNGUARDED_AVAILABILITY = YES_AGGRESSIVE;
				CLANG_WARN_UNREACHABLE_CODE = YES;
				CLANG_WARN__DUPLICATE_METHOD_MATCH = YES;
				COPY_PHASE_STRIP = NO;
				DEBUG_INFORMATION_FORMAT = dwarf;
				DEVELOPMENT_TEAM = L4A6CKH3TV;
				ENABLE_STRICT_OBJC_MSGSEND = YES;
				ENABLE_TESTABILITY = YES;
				ENABLE_USER_SCRIPT_SANDBOXING = YES;
				EXCLUDED_ARCHS = "";
				GCC_C_LANGUAGE_STANDARD = gnu17;
				GCC_DYNAMIC_NO_PIC = NO;
				GCC_NO_COMMON_BLOCKS = YES;
				GCC_OPTIMIZATION_LEVEL = 0;
				GCC_PREPROCESSOR_DEFINITIONS = (
					"DEBUG=1",
					"$(inherited)",
				);
				GCC_WARN_64_TO_32_BIT_CONVERSION = YES;
				GCC_WARN_ABOUT_RETURN_TYPE = YES_ERROR;
				GCC_WARN_UNDECLARED_SELECTOR = YES;
				GCC_WARN_UNINITIALIZED_AUTOS = YES_AGGRESSIVE;
				GCC_WARN_UNUSED_FUNCTION = YES;
				GCC_WARN_UNUSED_VARIABLE = YES;
				IPHONEOS_DEPLOYMENT_TARGET = 14.0;
				LOCALIZATION_PREFERS_STRING_CATALOGS = YES;
				MTL_ENABLE_DEBUG_INFO = INCLUDE_SOURCE;
				MTL_FAST_MATH = YES;
				ONLY_ACTIVE_ARCH = YES;
				OTHER_CFLAGS = "";
				SDKROOT = iphoneos;
				STRING_CATALOG_GENERATE_SYMBOLS = YES;
				SWIFT_ACTIVE_COMPILATION_CONDITIONS = "DEBUG $(inherited)";
				SWIFT_OPTIMIZATION_LEVEL = "-Onone";
			};
			name = Debug;
		};
		AF9916E62DC8C42400DDF895 /* Release */ = {
			isa = XCBuildConfiguration;
			baseConfigurationReference = 79277DC02EE8752800F18B30 /* Config.xcconfig */;
			buildSettings = {
				ALWAYS_SEARCH_USER_PATHS = NO;
				ASSETCATALOG_COMPILER_GENERATE_SWIFT_ASSET_SYMBOL_EXTENSIONS = YES;
				CLANG_ANALYZER_NONNULL = YES;
				CLANG_ANALYZER_NUMBER_OBJECT_CONVERSION = YES_AGGRESSIVE;
				CLANG_CXX_LANGUAGE_STANDARD = "gnu++20";
				CLANG_ENABLE_MODULES = YES;
				CLANG_ENABLE_OBJC_ARC = YES;
				CLANG_ENABLE_OBJC_WEAK = YES;
				CLANG_WARN_BLOCK_CAPTURE_AUTORELEASING = YES;
				CLANG_WARN_BOOL_CONVERSION = YES;
				CLANG_WARN_COMMA = YES;
				CLANG_WARN_CONSTANT_CONVERSION = YES;
				CLANG_WARN_DEPRECATED_OBJC_IMPLEMENTATIONS = YES;
				CLANG_WARN_DIRECT_OBJC_ISA_USAGE = YES_ERROR;
				CLANG_WARN_DOCUMENTATION_COMMENTS = YES;
				CLANG_WARN_EMPTY_BODY = YES;
				CLANG_WARN_ENUM_CONVERSION = YES;
				CLANG_WARN_INFINITE_RECURSION = YES;
				CLANG_WARN_INT_CONVERSION = YES;
				CLANG_WARN_NON_LITERAL_NULL_CONVERSION = YES;
				CLANG_WARN_OBJC_IMPLICIT_RETAIN_SELF = YES;
				CLANG_WARN_OBJC_LITERAL_CONVERSION = YES;
				CLANG_WARN_OBJC_ROOT_CLASS = YES_ERROR;
				CLANG_WARN_QUOTED_INCLUDE_IN_FRAMEWORK_HEADER = YES;
				CLANG_WARN_RANGE_LOOP_ANALYSIS = YES;
				CLANG_WARN_STRICT_PROTOTYPES = YES;
				CLANG_WARN_SUSPICIOUS_MOVE = YES;
				CLANG_WARN_UNGUARDED_AVAILABILITY = YES_AGGRESSIVE;
				CLANG_WARN_UNREACHABLE_CODE = YES;
				CLANG_WARN__DUPLICATE_METHOD_MATCH = YES;
				COPY_PHASE_STRIP = NO;
				DEBUG_INFORMATION_FORMAT = "dwarf-with-dsym";
				DEVELOPMENT_TEAM = L4A6CKH3TV;
				ENABLE_NS_ASSERTIONS = NO;
				ENABLE_STRICT_OBJC_MSGSEND = YES;
				ENABLE_USER_SCRIPT_SANDBOXING = YES;
				EXCLUDED_ARCHS = "";
				GCC_C_LANGUAGE_STANDARD = gnu17;
				GCC_NO_COMMON_BLOCKS = YES;
				GCC_WARN_64_TO_32_BIT_CONVERSION = YES;
				GCC_WARN_ABOUT_RETURN_TYPE = YES_ERROR;
				GCC_WARN_UNDECLARED_SELECTOR = YES;
				GCC_WARN_UNINITIALIZED_AUTOS = YES_AGGRESSIVE;
				GCC_WARN_UNUSED_FUNCTION = YES;
				GCC_WARN_UNUSED_VARIABLE = YES;
				IPHONEOS_DEPLOYMENT_TARGET = 14.0;
				LOCALIZATION_PREFERS_STRING_CATALOGS = YES;
				MTL_ENABLE_DEBUG_INFO = NO;
				MTL_FAST_MATH = YES;
				OTHER_CFLAGS = "";
				SDKROOT = iphoneos;
				STRING_CATALOG_GENERATE_SYMBOLS = YES;
				SWIFT_COMPILATION_MODE = wholemodule;
				VALIDATE_PRODUCT = YES;
			};
			name = Release;
		};
		AF9916E82DC8C42400DDF895 /* Debug */ = {
			isa = XCBuildConfiguration;
			baseConfigurationReference = 79277DC02EE8752800F18B30 /* Config.xcconfig */;
			buildSettings = {
				ASSETCATALOG_COMPILER_ALTERNATE_APPICON_NAMES = "AppIcon Drawn Nyxcat Nyxcat2 Nyxcat3";
				ASSETCATALOG_COMPILER_APPICON_NAME = AppIcon;
				ASSETCATALOG_COMPILER_GLOBAL_ACCENT_COLOR_NAME = AccentColor;
				CLANG_CXX_LANGUAGE_STANDARD = "c++20";
				CODE_SIGN_ENTITLEMENTS = "$(NYXIAN_CODE_SIGN_ENTITLEMENTS)";
				CODE_SIGN_IDENTITY = "Apple Development";
				CODE_SIGN_STYLE = Automatic;
				CURRENT_PROJECT_VERSION = "$(BUILD_NUMBER)";
				DEAD_CODE_STRIPPING = NO;
				DEVELOPMENT_ASSET_PATHS = "";
				ENABLE_ENHANCED_SECURITY = NO;
				ENABLE_PREVIEWS = YES;
				ENABLE_SECURITY_COMPILER_WARNINGS = YES;
				FRAMEWORK_SEARCH_PATHS = (
					"$(inherited)",
					"$(PROJECT_DIR)/Nyxian/LindChain",
					"$(PROJECT_DIR)/Nyxian/LindChain/Private/Frameworks",
				);
				GCC_SYMBOLS_PRIVATE_EXTERN = NO;
				GENERATE_INFOPLIST_FILE = YES;
				HEADER_SEARCH_PATHS = (
					"$(SRCROOT)",
					Nyxian/,
					LiveProcess/,
				);
				INFOPLIST_FILE = Info.plist;
				INFOPLIST_KEY_CFBundleDisplayName = Nyxian;
				INFOPLIST_KEY_GCSupportsControllerUserInteraction = NO;
				INFOPLIST_KEY_GCSupportsGameMode = NO;
				INFOPLIST_KEY_LSApplicationCategoryType = "public.app-category.developer-tools";
				INFOPLIST_KEY_LSSupportsOpeningDocumentsInPlace = YES;
				INFOPLIST_KEY_NFCReaderUsageDescription = "The guest app is requesting for this permission.";
				INFOPLIST_KEY_NSAppleEventsUsageDescription = "The guest app is requesting for this permission.";
				INFOPLIST_KEY_NSAppleMusicUsageDescription = "The guest app is requesting for this permission.";
				INFOPLIST_KEY_NSBluetoothAlwaysUsageDescription = "The guest app is requesting for this permission.";
				INFOPLIST_KEY_NSBluetoothPeripheralUsageDescription = "The guest app is requesting for this permission.";
				INFOPLIST_KEY_NSBluetoothWhileInUseUsageDescription = "The guest app is requesting for this permission.";
				INFOPLIST_KEY_NSCalendarsUsageDescription = "The guest app is requesting for this permission.";
				INFOPLIST_KEY_NSCameraUsageDescription = "The guest app is requesting for this permission.";
				INFOPLIST_KEY_NSContactsUsageDescription = "The guest app is requesting for this permission.";
				INFOPLIST_KEY_NSDesktopFolderUsageDescription = "The guest app is requesting for this permission.";
				INFOPLIST_KEY_NSDocumentsFolderUsageDescription = "The guest app is requesting for this permission.";
				INFOPLIST_KEY_NSDownloadsFolderUsageDescription = "The guest app is requesting for this permission.";
				INFOPLIST_KEY_NSFaceIDUsageDescription = "The guest app is requesting for this permission.";
				INFOPLIST_KEY_NSFallDetectionUsageDescription = "The guest app is requesting for this permission.";
				INFOPLIST_KEY_NSFileProviderDomainUsageDescription = "The guest app is requesting for this permission.";
				INFOPLIST_KEY_NSFileProviderPresenceUsageDescription = "The guest app is requesting for this permission.";
				INFOPLIST_KEY_NSFocusStatusUsageDescription = "The guest app is requesting for this permission.";
				INFOPLIST_KEY_NSGKFriendListUsageDescription = "The guest app is requesting for this permission.";
				INFOPLIST_KEY_NSHealthClinicalHealthRecordsShareUsageDescription = "The guest app is requesting for this permission.";
				INFOPLIST_KEY_NSHealthShareUsageDescription = "The guest app is requesting for this permission.";
				INFOPLIST_KEY_NSHealthUpdateUsageDescription = "The guest app is requesting for this permission.";
				INFOPLIST_KEY_NSHomeKitUsageDescription = "The guest app is requesting for this permission.";
				INFOPLIST_KEY_NSIdentityUsageDescription = "The guest app is requesting for this permission.";
				INFOPLIST_KEY_NSLocalNetworkUsageDescription = "The guest app is requesting for this permission.";
				INFOPLIST_KEY_NSLocationAlwaysAndWhenInUseUsageDescription = "The guest app is requesting for this permission.";
				INFOPLIST_KEY_NSLocationAlwaysUsageDescription = "The guest app is requesting for this permission.";
				INFOPLIST_KEY_NSLocationTemporaryUsageDescriptionDictionary = "The guest app is requesting for this permission.";
				INFOPLIST_KEY_NSLocationUsageDescription = "The guest app is requesting for this permission.";
				INFOPLIST_KEY_NSLocationWhenInUseUsageDescription = "The guest app is requesting for this permission.";
				INFOPLIST_KEY_NSMicrophoneUsageDescription = "The guest app is requesting for this permission.";
				INFOPLIST_KEY_NSMotionUsageDescription = "The guest app is requesting for this permission.";
				INFOPLIST_KEY_NSNearbyInteractionAllowOnceUsageDescription = "The guest app is requesting for this permission.";
				INFOPLIST_KEY_NSNearbyInteractionUsageDescription = "The guest app is requesting for this permission.";
				INFOPLIST_KEY_NSNetworkVolumesUsageDescription = "The guest app is requesting for this permission.";
				INFOPLIST_KEY_NSPhotoLibraryAddUsageDescription = "The guest app is requesting for this permission.";
				INFOPLIST_KEY_NSPhotoLibraryUsageDescription = "The guest app is requesting for this permission.";
				INFOPLIST_KEY_NSRemindersUsageDescription = "The guest app is requesting for this permission.";
				INFOPLIST_KEY_NSRemovableVolumesUsageDescription = "The guest app is requesting for this permission.";
				INFOPLIST_KEY_NSSensorKitPrivacyPolicyURL = "The guest app is requesting for this permission.";
				INFOPLIST_KEY_NSSensorKitUsageDescription = "The guest app is requesting for this permission.";
				INFOPLIST_KEY_NSSiriUsageDescription = "The guest app is requesting for this permission.";
				INFOPLIST_KEY_NSSpeechRecognitionUsageDescription = "The guest app is requesting for this permission.";
				INFOPLIST_KEY_NSSystemAdministrationUsageDescription = "The guest app is requesting for this permission.";
				INFOPLIST_KEY_NSSystemExtensionUsageDescription = "The guest app is requesting for this permission.";
				INFOPLIST_KEY_NSUserTrackingUsageDescription = "The guest app is requesting for this permission.";
				INFOPLIST_KEY_NSVideoSubscriberAccountUsageDescription = "The guest app is requesting for this permission.";
				INFOPLIST_KEY_NSVoIPUsageDescription = "The guest app is requesting for this permission.";
				INFOPLIST_KEY_OSBundleUsageDescription = "The guest app is requesting for this permission.";
				INFOPLIST_KEY_UIApplicationSupportsIndirectInputEvents = NO;
				INFOPLIST_KEY_UILaunchScreen_Generation = YES;
				INFOPLIST_KEY_UISupportedInterfaceOrientations = UIInterfaceOrientationPortrait;
				INFOPLIST_KEY_UISupportedInterfaceOrientations_iPad = "UIInterfaceOrientationLandscapeLeft UIInterfaceOrientationLandscapeRight UIInterfaceOrientationPortrait UIInterfaceOrientationPortraitUpsideDown";
				INFOPLIST_KEY_UISupportsDocumentBrowser = NO;
				IPHONEOS_DEPLOYMENT_TARGET = 17.0;
				LD_RUNPATH_SEARCH_PATHS = (
					"$(inherited)",
					"@executable_path/Frameworks",
				);
				LIBRARY_SEARCH_PATHS = (
					"$(inherited)",
					"$(PROJECT_DIR)/Nyxian",
					"$(PROJECT_DIR)/Nyxian/LindChain/Synpush",
					"$(PROJECT_DIR)/Nyxian/LindChain",
				);
				MARKETING_VERSION = "$(VERSION)";
				OTHER_CFLAGS = "-DHOST_ENV";
				OTHER_LDFLAGS = "";
				PRODUCT_BUNDLE_IDENTIFIER = "$(NYXIAN_PRODUCT_BUNDLE_IDENTIFIER)";
				PRODUCT_NAME = "$(TARGET_NAME)";
				PROVISIONING_PROFILE_SPECIFIER = "";
				STRIP_INSTALLED_PRODUCT = NO;
				STRIP_STYLE = None;
				STRIP_SWIFT_SYMBOLS = NO;
				SUPPORTED_PLATFORMS = "iphoneos iphonesimulator";
				SUPPORTS_MACCATALYST = NO;
				SUPPORTS_MAC_DESIGNED_FOR_IPHONE_IPAD = NO;
				SUPPORTS_XR_DESIGNED_FOR_IPHONE_IPAD = NO;
				SWIFT_EMIT_LOC_STRINGS = YES;
				SWIFT_OBJC_BRIDGING_HEADER = Nyxian/NXBridge.h;
				SWIFT_VERSION = 5.0;
				TARGETED_DEVICE_FAMILY = "1,2";
			};
			name = Debug;
		};
		AF9916E92DC8C42400DDF895 /* Release */ = {
			isa = XCBuildConfiguration;
			baseConfigurationReference = 79277DC02EE8752800F18B30 /* Config.xcconfig */;
			buildSettings = {
				ASSETCATALOG_COMPILER_ALTERNATE_APPICON_NAMES = "AppIcon Drawn Nyxcat Nyxcat2 Nyxcat3";
				ASSETCATALOG_COMPILER_APPICON_NAME = AppIcon;
				ASSETCATALOG_COMPILER_GLOBAL_ACCENT_COLOR_NAME = AccentColor;
				CLANG_CXX_LANGUAGE_STANDARD = "c++20";
				CODE_SIGN_ENTITLEMENTS = "$(NYXIAN_CODE_SIGN_ENTITLEMENTS)";
				CODE_SIGN_IDENTITY = "Apple Development";
				CODE_SIGN_STYLE = Automatic;
				CURRENT_PROJECT_VERSION = "$(BUILD_NUMBER)";
				DEAD_CODE_STRIPPING = NO;
				DEVELOPMENT_ASSET_PATHS = "";
				ENABLE_ENHANCED_SECURITY = NO;
				ENABLE_PREVIEWS = YES;
				ENABLE_SECURITY_COMPILER_WARNINGS = YES;
				FRAMEWORK_SEARCH_PATHS = (
					"$(inherited)",
					"$(PROJECT_DIR)/Nyxian/LindChain",
					"$(PROJECT_DIR)/Nyxian/LindChain/Private/Frameworks",
				);
				GCC_OPTIMIZATION_LEVEL = s;
				GCC_SYMBOLS_PRIVATE_EXTERN = NO;
				GENERATE_INFOPLIST_FILE = YES;
				HEADER_SEARCH_PATHS = (
					"$(SRCROOT)",
					Nyxian/,
					LiveProcess/,
				);
				INFOPLIST_FILE = Info.plist;
				INFOPLIST_KEY_CFBundleDisplayName = Nyxian;
				INFOPLIST_KEY_GCSupportsControllerUserInteraction = NO;
				INFOPLIST_KEY_GCSupportsGameMode = NO;
				INFOPLIST_KEY_LSApplicationCategoryType = "public.app-category.developer-tools";
				INFOPLIST_KEY_LSSupportsOpeningDocumentsInPlace = YES;
				INFOPLIST_KEY_NFCReaderUsageDescription = "The guest app is requesting for this permission.";
				INFOPLIST_KEY_NSAppleEventsUsageDescription = "The guest app is requesting for this permission.";
				INFOPLIST_KEY_NSAppleMusicUsageDescription = "The guest app is requesting for this permission.";
				INFOPLIST_KEY_NSBluetoothAlwaysUsageDescription = "The guest app is requesting for this permission.";
				INFOPLIST_KEY_NSBluetoothPeripheralUsageDescription = "The guest app is requesting for this permission.";
				INFOPLIST_KEY_NSBluetoothWhileInUseUsageDescription = "The guest app is requesting for this permission.";
				INFOPLIST_KEY_NSCalendarsUsageDescription = "The guest app is requesting for this permission.";
				INFOPLIST_KEY_NSCameraUsageDescription = "The guest app is requesting for this permission.";
				INFOPLIST_KEY_NSContactsUsageDescription = "The guest app is requesting for this permission.";
				INFOPLIST_KEY_NSDesktopFolderUsageDescription = "The guest app is requesting for this permission.";
				INFOPLIST_KEY_NSDocumentsFolderUsageDescription = "The guest app is requesting for this permission.";
				INFOPLIST_KEY_NSDownloadsFolderUsageDescription = "The guest app is requesting for this permission.";
				INFOPLIST_KEY_NSFaceIDUsageDescription = "The guest app is requesting for this permission.";
				INFOPLIST_KEY_NSFallDetectionUsageDescription = "The guest app is requesting for this permission.";
				INFOPLIST_KEY_NSFileProviderDomainUsageDescription = "The guest app is requesting for this permission.";
				INFOPLIST_KEY_NSFileProviderPresenceUsageDescription = "The guest app is requesting for this permission.";
				INFOPLIST_KEY_NSFocusStatusUsageDescription = "The guest app is requesting for this permission.";
				INFOPLIST_KEY_NSGKFriendListUsageDescription = "The guest app is requesting for this permission.";
				INFOPLIST_KEY_NSHealthClinicalHealthRecordsShareUsageDescription = "The guest app is requesting for this permission.";
				INFOPLIST_KEY_NSHealthShareUsageDescription = "The guest app is requesting for this permission.";
				INFOPLIST_KEY_NSHealthUpdateUsageDescription = "The guest app is requesting for this permission.";
				INFOPLIST_KEY_NSHomeKitUsageDescription = "The guest app is requesting for this permission.";
				INFOPLIST_KEY_NSIdentityUsageDescription = "The guest app is requesting for this permission.";
				INFOPLIST_KEY_NSLocalNetworkUsageDescription = "The guest app is requesting for this permission.";
				INFOPLIST_KEY_NSLocationAlwaysAndWhenInUseUsageDescription = "The guest app is requesting for this permission.";
				INFOPLIST_KEY_NSLocationAlwaysUsageDescription = "The guest app is requesting for this permission.";
				INFOPLIST_KEY_NSLocationTemporaryUsageDescriptionDictionary = "The guest app is requesting for this permission.";
				INFOPLIST_KEY_NSLocationUsageDescription = "The guest app is requesting for this permission.";
				INFOPLIST_KEY_NSLocationWhenInUseUsageDescription = "The guest app is requesting for this permission.";
				INFOPLIST_KEY_NSMicrophoneUsageDescription = "The guest app is requesting for this permission.";
				INFOPLIST_KEY_NSMotionUsageDescription = "The guest app is requesting for this permission.";
				INFOPLIST_KEY_NSNearbyInteractionAllowOnceUsageDescription = "The guest app is requesting for this permission.";
				INFOPLIST_KEY_NSNearbyInteractionUsageDescription = "The guest app is requesting for this permission.";
				INFOPLIST_KEY_NSNetworkVolumesUsageDescription = "The guest app is requesting for this permission.";
				INFOPLIST_KEY_NSPhotoLibraryAddUsageDescription = "The guest app is requesting for this permission.";
				INFOPLIST_KEY_NSPhotoLibraryUsageDescription = "The guest app is requesting for this permission.";
				INFOPLIST_KEY_NSRemindersUsageDescription = "The guest app is requesting for this permission.";
				INFOPLIST_KEY_NSRemovableVolumesUsageDescription = "The guest app is requesting for this permission.";
				INFOPLIST_KEY_NSSensorKitPrivacyPolicyURL = "The guest app is requesting for this permission.";
				INFOPLIST_KEY_NSSensorKitUsageDescription = "The guest app is requesting for this permission.";
				INFOPLIST_KEY_NSSiriUsageDescription = "The guest app is requesting for this permission.";
				INFOPLIST_KEY_NSSpeechRecognitionUsageDescription = "The guest app is requesting for this permission.";
				INFOPLIST_KEY_NSSystemAdministrationUsageDescription = "The guest app is requesting for this permission.";
				INFOPLIST_KEY_NSSystemExtensionUsageDescription = "The guest app is requesting for this permission.";
				INFOPLIST_KEY_NSUserTrackingUsageDescription = "The guest app is requesting for this permission.";
				INFOPLIST_KEY_NSVideoSubscriberAccountUsageDescription = "The guest app is requesting for this permission.";
				INFOPLIST_KEY_NSVoIPUsageDescription = "The guest app is requesting for this permission.";
				INFOPLIST_KEY_OSBundleUsageDescription = "The guest app is requesting for this permission.";
				INFOPLIST_KEY_UIApplicationSupportsIndirectInputEvents = NO;
				INFOPLIST_KEY_UILaunchScreen_Generation = YES;
				INFOPLIST_KEY_UISupportedInterfaceOrientations = UIInterfaceOrientationPortrait;
				INFOPLIST_KEY_UISupportedInterfaceOrientations_iPad = "UIInterfaceOrientationLandscapeLeft UIInterfaceOrientationLandscapeRight UIInterfaceOrientationPortrait UIInterfaceOrientationPortraitUpsideDown";
				INFOPLIST_KEY_UISupportsDocumentBrowser = NO;
				IPHONEOS_DEPLOYMENT_TARGET = 17.0;
				LD_RUNPATH_SEARCH_PATHS = (
					"$(inherited)",
					"@executable_path/Frameworks",
				);
				LIBRARY_SEARCH_PATHS = (
					"$(inherited)",
					"$(PROJECT_DIR)/Nyxian",
					"$(PROJECT_DIR)/Nyxian/LindChain/Synpush",
					"$(PROJECT_DIR)/Nyxian/LindChain",
				);
				MARKETING_VERSION = "$(VERSION)";
				ONLY_ACTIVE_ARCH = YES;
				OTHER_CFLAGS = "-DHOST_ENV";
				OTHER_LDFLAGS = "";
				PRODUCT_BUNDLE_IDENTIFIER = "$(NYXIAN_PRODUCT_BUNDLE_IDENTIFIER)";
				PRODUCT_NAME = "$(TARGET_NAME)";
				PROVISIONING_PROFILE_SPECIFIER = "";
				STRIP_INSTALLED_PRODUCT = NO;
				STRIP_STYLE = None;
				STRIP_SWIFT_SYMBOLS = NO;
				SUPPORTED_PLATFORMS = "iphoneos iphonesimulator";
				SUPPORTS_MACCATALYST = NO;
				SUPPORTS_MAC_DESIGNED_FOR_IPHONE_IPAD = NO;
				SUPPORTS_XR_DESIGNED_FOR_IPHONE_IPAD = NO;
				SWIFT_EMIT_LOC_STRINGS = YES;
				SWIFT_OBJC_BRIDGING_HEADER = Nyxian/NXBridge.h;
				SWIFT_VERSION = 5.0;
				TARGETED_DEVICE_FAMILY = "1,2";
				VALIDATE_PRODUCT = NO;
			};
			name = Release;
		};
/* End XCBuildConfiguration section */

/* Begin XCConfigurationList section */
		79AA11C02F7FFE24002FEAF2 /* Build configuration list for PBXNativeTarget "nxtool" */ = {
			isa = XCConfigurationList;
			buildConfigurations = (
				79AA11C12F7FFE24002FEAF2 /* Debug */,
				79AA11C22F7FFE24002FEAF2 /* Release */,
			);
			defaultConfigurationIsVisible = 0;
			defaultConfigurationName = Release;
		};
		79BF98062E6291EE00C60D4C /* Build configuration list for PBXNativeTarget "LiveProcess" */ = {
			isa = XCConfigurationList;
			buildConfigurations = (
				79BF98072E6291EE00C60D4C /* Debug */,
				79BF98082E6291EE00C60D4C /* Release */,
			);
			defaultConfigurationIsVisible = 0;
			defaultConfigurationName = Release;
		};
		860D917F2FAE1F95000D321B /* Build configuration list for PBXNativeTarget "MobileDevelopmentKit" */ = {
			isa = XCConfigurationList;
			buildConfigurations = (
				860D91802FAE1F95000D321B /* Debug */,
				860D91812FAE1F95000D321B /* Release */,
			);
			defaultConfigurationIsVisible = 0;
			defaultConfigurationName = Release;
		};
		86DCC2642FA5209600973169 /* Build configuration list for PBXNativeTarget "CoreCompiler" */ = {
			isa = XCConfigurationList;
			buildConfigurations = (
				86DCC2652FA5209600973169 /* Debug */,
				86DCC2662FA5209600973169 /* Release */,
			);
			defaultConfigurationIsVisible = 0;
			defaultConfigurationName = Release;
		};
		8FB3BAE5302FFBAA00DB3ABC /* Build configuration list for PBXNativeTarget "LiveShim" */ = {
			isa = XCConfigurationList;
			buildConfigurations = (
				8FB3BAE6302FFBAA00DB3ABC /* Debug */,
				8FB3BAE7302FFBAA00DB3ABC /* Release */,
			);
			defaultConfigurationIsVisible = 0;
			defaultConfigurationName = Release;
		};
		8FF32DF43036F59E00C46FE4 /* Build configuration list for PBXNativeTarget "HWHook" */ = {
			isa = XCConfigurationList;
			buildConfigurations = (
				8FF32DF53036F59E00C46FE4 /* Debug */,
				8FF32DF63036F59E00C46FE4 /* Release */,
			);
			defaultConfigurationIsVisible = 0;
			defaultConfigurationName = Release;
		};
		AF9916D42DC8C42200DDF895 /* Build configuration list for PBXProject "Nyxian" */ = {
			isa = XCConfigurationList;
			buildConfigurations = (
				AF9916E52DC8C42400DDF895 /* Debug */,
				AF9916E62DC8C42400DDF895 /* Release */,
			);
			defaultConfigurationIsVisible = 0;
			defaultConfigurationName = Release;
		};
		AF9916E72DC8C42400DDF895 /* Build configuration list for PBXNativeTarget "Nyxian" */ = {
			isa = XCConfigurationList;
			buildConfigurations = (
				AF9916E82DC8C42400DDF895 /* Debug */,
				AF9916E92DC8C42400DDF895 /* Release */,
			);
			defaultConfigurationIsVisible = 0;
			defaultConfigurationName = Release;
		};
/* End XCConfigurationList section */

/* Begin XCRemoteSwiftPackageReference section */
		793A7E4E2EB599690044418E /* XCRemoteSwiftPackageReference "SwiftTerm" */ = {
			isa = XCRemoteSwiftPackageReference;
			repositoryURL = "https://github.com/migueldeicaza/SwiftTerm";
			requirement = {
				kind = exactVersion;
				version = 1.13.0;
			};
		};
		79B708BA2F73157F000F38E7 /* XCRemoteSwiftPackageReference "tree-sitter-cpp" */ = {
			isa = XCRemoteSwiftPackageReference;
			repositoryURL = "https://github.com/tree-sitter/tree-sitter-cpp.git";
			requirement = {
				kind = exactVersion;
				version = 0.23.4;
			};
		};
		86E4D4F52FB8CF63008BFE4D /* XCRemoteSwiftPackageReference "tree-sitter-swift" */ = {
			isa = XCRemoteSwiftPackageReference;
			repositoryURL = "https://github.com/emexlab/tree-sitter-swift";
			requirement = {
				branch = main;
				kind = branch;
			};
		};
		8F60051E3033EB920028EDFD /* XCRemoteSwiftPackageReference "UIOnboarding" */ = {
			isa = XCRemoteSwiftPackageReference;
			repositoryURL = "https://github.com/emexlab/UIOnboarding";
			requirement = {
				branch = main;
				kind = branch;
			};
		};
		8FECB24B2FFD367A00049BB0 /* XCRemoteSwiftPackageReference "Runestone" */ = {
			isa = XCRemoteSwiftPackageReference;
			repositoryURL = "https://github.com/emexlab/Runestone";
			requirement = {
				branch = main;
				kind = branch;
			};
		};
		AF9919562DC9175A00DDF895 /* XCRemoteSwiftPackageReference "tree-sitter-objc" */ = {
			isa = XCRemoteSwiftPackageReference;
			repositoryURL = "https://github.com/tree-sitter-grammars/tree-sitter-objc.git";
			requirement = {
				branch = master;
				kind = branch;
			};
		};
		AF9919592DC9176900DDF895 /* XCRemoteSwiftPackageReference "tree-sitter-c" */ = {
			isa = XCRemoteSwiftPackageReference;
			repositoryURL = "https://github.com/tree-sitter/tree-sitter-c.git";
			requirement = {
				kind = exactVersion;
				version = 0.20.2;
			};
		};
		AFF4E3472DCCCE0F00B1B5F9 /* XCRemoteSwiftPackageReference "tree-sitter-xml" */ = {
			isa = XCRemoteSwiftPackageReference;
			repositoryURL = "https://github.com/tree-sitter-grammars/tree-sitter-xml.git";
			requirement = {
				branch = master;
				kind = branch;
			};
		};
/* End XCRemoteSwiftPackageReference section */

/* Begin XCSwiftPackageProductDependency section */
		791C96042F8726B0006AF674 /* Runestone */ = {
			isa = XCSwiftPackageProductDependency;
			productName = Runestone;
		};
		793A4E3A2F84FE1D003B609A /* Runestone */ = {
			isa = XCSwiftPackageProductDependency;
			productName = Runestone;
		};
		793A7E4F2EB5996A0044418E /* SwiftTerm */ = {
			isa = XCSwiftPackageProductDependency;
			package = 793A7E4E2EB599690044418E /* XCRemoteSwiftPackageReference "SwiftTerm" */;
			productName = SwiftTerm;
		};
		79B708BB2F73157F000F38E7 /* TreeSitterCPP */ = {
			isa = XCSwiftPackageProductDependency;
			package = 79B708BA2F73157F000F38E7 /* XCRemoteSwiftPackageReference "tree-sitter-cpp" */;
			productName = TreeSitterCPP;
		};
		79B70C1B2F73223A000F38E7 /* Runestone */ = {
			isa = XCSwiftPackageProductDependency;
			productName = Runestone;
		};
		79B70C1E2F732364000F38E7 /* Runestone */ = {
			isa = XCSwiftPackageProductDependency;
			productName = Runestone;
		};
		79D1DA662F92A6CE0020518A /* TreeSitterSwift */ = {
			isa = XCSwiftPackageProductDependency;
			productName = TreeSitterSwift;
		};
		86E4D4F62FB8CF63008BFE4D /* TreeSitterSwift */ = {
			isa = XCSwiftPackageProductDependency;
			package = 86E4D4F52FB8CF63008BFE4D /* XCRemoteSwiftPackageReference "tree-sitter-swift" */;
			productName = TreeSitterSwift;
		};
		8F4D96E52FFBF8FB006CAF3C /* Runestone */ = {
			isa = XCSwiftPackageProductDependency;
			productName = Runestone;
		};
		8F60051C3033DD2F0028EDFD /* UIOnboarding */ = {
			isa = XCSwiftPackageProductDependency;
			productName = UIOnboarding;
		};
		8F60051F3033EB920028EDFD /* UIOnboarding */ = {
			isa = XCSwiftPackageProductDependency;
			package = 8F60051E3033EB920028EDFD /* XCRemoteSwiftPackageReference "UIOnboarding" */;
			productName = UIOnboarding;
		};
		8F60FE593032DB610028EDFD /* UIOnboarding */ = {
			isa = XCSwiftPackageProductDependency;
			productName = UIOnboarding;
		};
		8F60FE5C3032DC260028EDFD /* UIOnboarding */ = {
			isa = XCSwiftPackageProductDependency;
			productName = UIOnboarding;
		};
		8FECB2462FFD34D500049BB0 /* Runestone */ = {
			isa = XCSwiftPackageProductDependency;
			productName = Runestone;
		};
		8FECB24C2FFD367A00049BB0 /* Runestone */ = {
			isa = XCSwiftPackageProductDependency;
			package = 8FECB24B2FFD367A00049BB0 /* XCRemoteSwiftPackageReference "Runestone" */;
			productName = Runestone;
		};
		AF9919572DC9175A00DDF895 /* TreeSitterObjc */ = {
			isa = XCSwiftPackageProductDependency;
			package = AF9919562DC9175A00DDF895 /* XCRemoteSwiftPackageReference "tree-sitter-objc" */;
			productName = TreeSitterObjc;
		};
		AF99195A2DC9176900DDF895 /* TreeSitterC */ = {
			isa = XCSwiftPackageProductDependency;
			package = AF9919592DC9176900DDF895 /* XCRemoteSwiftPackageReference "tree-sitter-c" */;
			productName = TreeSitterC;
		};
		AFF4E3482DCCCE0F00B1B5F9 /* TreeSitterXML */ = {
			isa = XCSwiftPackageProductDependency;
			package = AFF4E3472DCCCE0F00B1B5F9 /* XCRemoteSwiftPackageReference "tree-sitter-xml" */;
			productName = TreeSitterXML;
		};
/* End XCSwiftPackageProductDependency section */
	};
	rootObject = AF9916D12DC8C42200DDF895 /* Project object */;
}
